// !$*UTF8*$!
{
	archiveVersion = 1;
	classes = {
	};
	objectVersion = 56;
	objects = {

/* Begin PBXBuildFile section */
		0087A2362AFB4092A9E95CAD /* ActivitySelectionView.swift in Sources */ = {isa = PBXBuildFile; fileRef = 608665F88B9243F88CD4156D /* ActivitySelectionView.swift */; };
		00F926DE94574A7FA1226241 /* WindowHelper.swift in Sources */ = {isa = PBXBuildFile; fileRef = D2F9EA36C93D449D837FC0C3 /* WindowHelper.swift */; };
		0803800793D440489E35501A /* SimpleOnboardingWindow.swift in Sources */ = {isa = PBXBuildFile; fileRef = D75514C88ECE4BF1A60DBB70 /* SimpleOnboardingWindow.swift */; };
		0E50F3967E2E80F19CC49F0C /* TouchGrassModeIntegrationTests.swift in Sources */ = {isa = PBXBuildFile; fileRef = 377575A395C6E35DB808B46A /* TouchGrassModeIntegrationTests.swift */; };
		116BF8B10C460CB148B01478 /* TestPreferencesStore.swift in Sources */ = {isa = PBXBuildFile; fileRef = B3E23C16C9D8E702681B8C54 /* TestPreferencesStore.swift */; };
		11FB02CDEB764C8D81C3435F /* DesignSystem.swift in Sources */ = {isa = PBXBuildFile; fileRef = C35470E4EB9F4DD482B5C344 /* DesignSystem.swift */; };
		1C0C9630E9EB4ACD87389865 /* ReminderManager.swift in Sources */ = {isa = PBXBuildFile; fileRef = 024C45B060374A5BAEDAE1D3 /* ReminderManager.swift */; };
		1E73424E605A42A5953234CC /* TouchGrassModeController.swift in Sources */ = {isa = PBXBuildFile; fileRef = DCFD3A05466E47FBBE9C0C95 /* TouchGrassModeController.swift */; };
		2D4E54316B97414AB2FBF380 /* ExerciseSelectionView.swift in Sources */ = {isa = PBXBuildFile; fileRef = CF05E7D3B0CC48C5A1A91100 /* ExerciseSelectionView.swift */; };
		300DC90AEDB14F26A1F4FC87 /* WorkHoursSettingsView.swift in Sources */ = {isa = PBXBuildFile; fileRef = 123BA605807E42D08D35BEE7 /* WorkHoursSettingsView.swift */; };
		3B034EF0026F03B4945ACC99 /* ReminderSchedulingTests.swift in Sources */ = {isa = PBXBuildFile; fileRef = 815D3F2D783A138A7B88C4FE /* ReminderSchedulingTests.swift */; };
		3B0F45AB384C6016974E2287 /* MockNotificationCenter.swift in Sources */ = {isa = PBXBuildFile; fileRef = F77866EC88D85C3800DDC7D4 /* MockNotificationCenter.swift */; };
		3BF844C33B444B79A3949A0B /* OnboardingWindow.swift in Sources */ = {isa = PBXBuildFile; fileRef = 8A9A84660C7543CFBEB28545 /* OnboardingWindow.swift */; };
		4024B2A50D65E29B4DB326F1 /* ActivitySuggestionEngine.swift in Sources */ = {isa = PBXBuildFile; fileRef = F0D6740A8FDDAC71B8A75B74 /* ActivitySuggestionEngine.swift */; };
		409A55A0826456316D833281 /* WaterTrackingTests.swift in Sources */ = {isa = PBXBuildFile; fileRef = 9950071806D1B845545E10A8 /* WaterTrackingTests.swift */; };
		41A2192D1D0D42748C8F753A /* TouchGrassModeRefactored.swift in Sources */ = {isa = PBXBuildFile; fileRef = C7C29DD1ED114761A1E5FBE9 /* TouchGrassModeRefactored.swift */; };
		4300261202608911462237B4 /* WorkHoursTests.swift in Sources */ = {isa = PBXBuildFile; fileRef = EE54DF92E8F553EA850E64E3 /* WorkHoursTests.swift */; };
		4760E2AFB6D64BCF879DFC19 /* InteractiveButton.swift in Sources */ = {isa = PBXBuildFile; fileRef = F190DD70BB63445099922513 /* InteractiveButton.swift */; };
		4BA1A292C86F4F6390467DF1 /* TouchGrassApp.swift in Sources */ = {isa = PBXBuildFile; fileRef = C742A93C6D6241B186F0135E /* TouchGrassApp.swift */; };
		4CD53CDB484747DBB4CEEF7E /* OnboardingManager.swift in Sources */ = {isa = PBXBuildFile; fileRef = C617EE0264CF46AFA3EA084D /* OnboardingManager.swift */; };
		4F7587425D7E20AC6D699121 /* WeatherKitService.swift in Sources */ = {isa = PBXBuildFile; fileRef = DF6603DA4B8340EFEF81D080 /* WeatherKitService.swift */; };
		54842E0254CB4DA88C7F462F /* Exercise.swift in Sources */ = {isa = PBXBuildFile; fileRef = AFB3B0E52CCA4B5CB2423C58 /* Exercise.swift */; };
		5AE4088CAC6E40A7AC3AA5BE /* ExerciseWindowController.swift in Sources */ = {isa = PBXBuildFile; fileRef = 815B8462CE8F4E8E8676A8AA /* ExerciseWindowController.swift */; };
		5F3E90ABF93F4D83ACB779F1 /* ExerciseMenuView.swift in Sources */ = {isa = PBXBuildFile; fileRef = 3A8AD738AC814AF790A94260 /* ExerciseMenuView.swift */; };
		744C689D67104C6A9A484C40 /* CompletionView.swift in Sources */ = {isa = PBXBuildFile; fileRef = ADE492424B2249349A6FE13F /* CompletionView.swift */; };
		796A4CB6894D43BB94D9855D /* CustomizationView.swift in Sources */ = {isa = PBXBuildFile; fileRef = 710F0FEBF32D491D8771CA1A /* CustomizationView.swift */; };
		7C0590FAADF9492EA6C0155D /* TouchGrassOnboarding.swift in Sources */ = {isa = PBXBuildFile; fileRef = 34360F1EF81742CDB0DD3EAE /* TouchGrassOnboarding.swift */; };
		7DBABD68CC57A73D9EF9CA8D /* Cocoa.framework in Frameworks */ = {isa = PBXBuildFile; fileRef = 3D121FB09A6584E914E4F677 /* Cocoa.framework */; };
		845281A875484FA7871191A1 /* WorkHoursManager.swift in Sources */ = {isa = PBXBuildFile; fileRef = A88E3131787846B3ABDBF43F /* WorkHoursManager.swift */; };
		863A5337B76A42858F620258 /* UpdateManager.swift in Sources */ = {isa = PBXBuildFile; fileRef = 53F5FC669419485A98B0C9B6 /* UpdateManager.swift */; };
		86D04943CD3D49248FFD5455 /* OnboardingHeaderView.swift in Sources */ = {isa = PBXBuildFile; fileRef = FEF78D7D40114727A453DB81 /* OnboardingHeaderView.swift */; };
		8F499EC6B4504C8EB94B9A3F /* CustomizationWindowController.swift in Sources */ = {isa = PBXBuildFile; fileRef = 9CA7B53ACD134163B7C04E24 /* CustomizationWindowController.swift */; };
		946D881D27ADB334F416A3E5 /* MockCalendarManager.swift in Sources */ = {isa = PBXBuildFile; fileRef = 88A8CA2D9979317578A451F4 /* MockCalendarManager.swift */; };
		9C480DBAE43448B5BFB43FFD /* ActivityTracker.swift in Sources */ = {isa = PBXBuildFile; fileRef = 70B179B93FB54F9FB0C53269 /* ActivityTracker.swift */; };
		A469E57921BB4799A8B8FFB1 /* TouchGrassMode.swift in Sources */ = {isa = PBXBuildFile; fileRef = C7A37EE6B8C1432D81699E7A /* TouchGrassMode.swift */; };
		ABCDEF1234567890ABCDEF13 /* AppIcon.icns in Resources */ = {isa = PBXBuildFile; fileRef = ABCDEF1234567890ABCDEF12 /* AppIcon.icns */; };
		B286C3F4693058FCF4EA349B /* EndToEndFlowTests.swift in Sources */ = {isa = PBXBuildFile; fileRef = 04E567C3E89F54ED538D0AC4 /* EndToEndFlowTests.swift */; };
		B4941CBB31C54967854067F0 /* OnboardingCustomizationView.swift in Sources */ = {isa = PBXBuildFile; fileRef = 62A89115D30340428D810C63 /* OnboardingCustomizationView.swift */; };
		B74097FBF0712AED801E81E4 /* TestScheduler.swift in Sources */ = {isa = PBXBuildFile; fileRef = A08E71BEB12A6545B069C991 /* TestScheduler.swift */; };
		B8EED555A2DB4FEAB87BB097 /* ExerciseView.swift in Sources */ = {isa = PBXBuildFile; fileRef = BF2BD545B00140FDAF4B2FCE /* ExerciseView.swift */; };
		C4A5E53AF7CD47F9AF897CDE /* UpdateProgressView.swift in Sources */ = {isa = PBXBuildFile; fileRef = BC1BEDC2F808400987D69A8B /* UpdateProgressView.swift */; };
		C8639872E55F40CFB23151A5 /* WaterTracker.swift in Sources */ = {isa = PBXBuildFile; fileRef = F914D9DC3AA54CAC900E757B /* WaterTracker.swift */; };
		CAC1C9608FA74B14AF9B0DD4 /* PreferencesStore.swift in Sources */ = {isa = PBXBuildFile; fileRef = D08BCD7E197648CE8D8693F1 /* PreferencesStore.swift */; };
		CC56EFB4CEEE48C584FDFAFE /* CalendarManager.swift in Sources */ = {isa = PBXBuildFile; fileRef = B2EAF51DED38476390E916A9 /* CalendarManager.swift */; };
		CE45134F16DA358549CCCFBE /* TouchGrassModeTests.swift in Sources */ = {isa = PBXBuildFile; fileRef = A49A8294164D8A8B666F5569 /* TouchGrassModeTests.swift */; };
		D4747A4349DA4A7E86C444A5 /* TouchGrassOnboardingController.swift in Sources */ = {isa = PBXBuildFile; fileRef = 8002EDF1BCE94335BE811585 /* TouchGrassOnboardingController.swift */; };
		D5C3F3FD50984AB296610C02 /* WaterTrackingBar.swift in Sources */ = {isa = PBXBuildFile; fileRef = 435F6A81B40E4BB2B3517A4D /* WaterTrackingBar.swift */; };
		E1953649DD02A26BAD4F4222 /* CalendarIntegrationTests.swift in Sources */ = {isa = PBXBuildFile; fileRef = 9181BBFE68F887B39063D1D9 /* CalendarIntegrationTests.swift */; };
		E627ABBDE1FF7078955AEEFD /* TouchGrassModeWithSuggestion.swift in Sources */ = {isa = PBXBuildFile; fileRef = B8DAA8ED3155332DE8EB21E9 /* TouchGrassModeWithSuggestion.swift */; };
		F5E7A6A3785E4868A5EE0642 /* Messages.swift in Sources */ = {isa = PBXBuildFile; fileRef = EC0BA99FC5F74770988AD0D2 /* Messages.swift */; };
		F8904461C0264384BDD06013 /* CalendarContextView.swift in Sources */ = {isa = PBXBuildFile; fileRef = 961799C784264550B437C006 /* CalendarContextView.swift */; };
		FB153C3101AF42149B138B11 /* GrassIcon.swift in Sources */ = {isa = PBXBuildFile; fileRef = 79311D2091E54488B94FFADC /* GrassIcon.swift */; };
		FD50686FBCC94C46A5BCC653 /* TimerService.swift in Sources */ = {isa = PBXBuildFile; fileRef = C1B49700923E42A4A45984EF /* TimerService.swift */; };
/* End PBXBuildFile section */

/* Begin PBXContainerItemProxy section */
		C0159CF17FEFA6B5D396A79A /* PBXContainerItemProxy */ = {
			isa = PBXContainerItemProxy;
			containerPortal = B71234481234567812345678 /* Project object */;
			proxyType = 1;
			remoteGlobalIDString = B712344F1234567812345678;
			remoteInfo = TouchGrass;
		};
/* End PBXContainerItemProxy section */

/* Begin PBXFileReference section */
		024C45B060374A5BAEDAE1D3 /* ReminderManager.swift */ = {isa = PBXFileReference; lastKnownFileType = sourcecode.swift; name = ReminderManager.swift; path = Managers/ReminderManager.swift; sourceTree = "<group>"; };
		04E567C3E89F54ED538D0AC4 /* EndToEndFlowTests.swift */ = {isa = PBXFileReference; includeInIndex = 1; lastKnownFileType = sourcecode.swift; name = EndToEndFlowTests.swift; path = TouchGrassTests/Integration/EndToEndFlowTests.swift; sourceTree = "<group>"; };
		123BA605807E42D08D35BEE7 /* WorkHoursSettingsView.swift */ = {isa = PBXFileReference; lastKnownFileType = sourcecode.swift; name = WorkHoursSettingsView.swift; path = Views/WorkHoursSettingsView.swift; sourceTree = "<group>"; };
		34360F1EF81742CDB0DD3EAE /* TouchGrassOnboarding.swift */ = {isa = PBXFileReference; lastKnownFileType = sourcecode.swift; name = TouchGrassOnboarding.swift; path = Views/TouchGrassOnboarding.swift; sourceTree = "<group>"; };
		377575A395C6E35DB808B46A /* TouchGrassModeIntegrationTests.swift */ = {isa = PBXFileReference; includeInIndex = 1; lastKnownFileType = sourcecode.swift; name = TouchGrassModeIntegrationTests.swift; path = TouchGrassTests/Integration/TouchGrassModeIntegrationTests.swift; sourceTree = "<group>"; };
		3A8AD738AC814AF790A94260 /* ExerciseMenuView.swift */ = {isa = PBXFileReference; lastKnownFileType = sourcecode.swift; name = ExerciseMenuView.swift; path = Views/Components/ExerciseMenuView.swift; sourceTree = "<group>"; };
		3D121FB09A6584E914E4F677 /* Cocoa.framework */ = {isa = PBXFileReference; lastKnownFileType = wrapper.framework; name = Cocoa.framework; path = Platforms/MacOSX.platform/Developer/SDKs/MacOSX15.0.sdk/System/Library/Frameworks/Cocoa.framework; sourceTree = DEVELOPER_DIR; };
		435F6A81B40E4BB2B3517A4D /* WaterTrackingBar.swift */ = {isa = PBXFileReference; lastKnownFileType = sourcecode.swift; name = WaterTrackingBar.swift; path = Views/Components/WaterTrackingBar.swift; sourceTree = "<group>"; };
		53F5FC669419485A98B0C9B6 /* UpdateManager.swift */ = {isa = PBXFileReference; lastKnownFileType = sourcecode.swift; name = UpdateManager.swift; path = Managers/UpdateManager.swift; sourceTree = "<group>"; };
		608665F88B9243F88CD4156D /* ActivitySelectionView.swift */ = {isa = PBXFileReference; lastKnownFileType = sourcecode.swift; name = ActivitySelectionView.swift; path = Views/Components/ActivitySelectionView.swift; sourceTree = "<group>"; };
		62A89115D30340428D810C63 /* OnboardingCustomizationView.swift */ = {isa = PBXFileReference; lastKnownFileType = sourcecode.swift; name = OnboardingCustomizationView.swift; path = Views/OnboardingCustomizationView.swift; sourceTree = "<group>"; };
		70B179B93FB54F9FB0C53269 /* ActivityTracker.swift */ = {isa = PBXFileReference; lastKnownFileType = sourcecode.swift; name = ActivityTracker.swift; path = Managers/ActivityTracker.swift; sourceTree = "<group>"; };
		710F0FEBF32D491D8771CA1A /* CustomizationView.swift */ = {isa = PBXFileReference; lastKnownFileType = sourcecode.swift; name = CustomizationView.swift; path = Views/CustomizationView.swift; sourceTree = "<group>"; };
		79311D2091E54488B94FFADC /* GrassIcon.swift */ = {isa = PBXFileReference; lastKnownFileType = sourcecode.swift; name = GrassIcon.swift; path = Views/GrassIcon.swift; sourceTree = "<group>"; };
		8002EDF1BCE94335BE811585 /* TouchGrassOnboardingController.swift */ = {isa = PBXFileReference; lastKnownFileType = sourcecode.swift; name = TouchGrassOnboardingController.swift; path = Controllers/Onboarding/TouchGrassOnboardingController.swift; sourceTree = "<group>"; };
		815B8462CE8F4E8E8676A8AA /* ExerciseWindowController.swift */ = {isa = PBXFileReference; lastKnownFileType = sourcecode.swift; name = ExerciseWindowController.swift; path = Controllers/ExerciseWindowController.swift; sourceTree = "<group>"; };
		815D3F2D783A138A7B88C4FE /* ReminderSchedulingTests.swift */ = {isa = PBXFileReference; includeInIndex = 1; lastKnownFileType = sourcecode.swift; name = ReminderSchedulingTests.swift; path = TouchGrassTests/Integration/ReminderSchedulingTests.swift; sourceTree = "<group>"; };
		88A8CA2D9979317578A451F4 /* MockCalendarManager.swift */ = {isa = PBXFileReference; includeInIndex = 1; lastKnownFileType = sourcecode.swift; name = MockCalendarManager.swift; path = TouchGrassTests/Mocks/MockCalendarManager.swift; sourceTree = "<group>"; };
		8A9A84660C7543CFBEB28545 /* OnboardingWindow.swift */ = {isa = PBXFileReference; lastKnownFileType = sourcecode.swift; name = OnboardingWindow.swift; path = Views/OnboardingWindow.swift; sourceTree = "<group>"; };
		9181BBFE68F887B39063D1D9 /* CalendarIntegrationTests.swift */ = {isa = PBXFileReference; includeInIndex = 1; lastKnownFileType = sourcecode.swift; name = CalendarIntegrationTests.swift; path = TouchGrassTests/Integration/CalendarIntegrationTests.swift; sourceTree = "<group>"; };
		961799C784264550B437C006 /* CalendarContextView.swift */ = {isa = PBXFileReference; lastKnownFileType = sourcecode.swift; name = CalendarContextView.swift; path = Views/Components/CalendarContextView.swift; sourceTree = "<group>"; };
		9950071806D1B845545E10A8 /* WaterTrackingTests.swift */ = {isa = PBXFileReference; includeInIndex = 1; lastKnownFileType = sourcecode.swift; name = WaterTrackingTests.swift; path = TouchGrassTests/Integration/WaterTrackingTests.swift; sourceTree = "<group>"; };
		9CA7B53ACD134163B7C04E24 /* CustomizationWindowController.swift */ = {isa = PBXFileReference; lastKnownFileType = sourcecode.swift; name = CustomizationWindowController.swift; path = Controllers/CustomizationWindowController.swift; sourceTree = "<group>"; };
		A08E71BEB12A6545B069C991 /* TestScheduler.swift */ = {isa = PBXFileReference; includeInIndex = 1; lastKnownFileType = sourcecode.swift; name = TestScheduler.swift; path = TouchGrassTests/Helpers/TestScheduler.swift; sourceTree = "<group>"; };
		A49A8294164D8A8B666F5569 /* TouchGrassModeTests.swift */ = {isa = PBXFileReference; includeInIndex = 1; lastKnownFileType = sourcecode.swift; name = TouchGrassModeTests.swift; path = TouchGrassTests/Integration/TouchGrassModeTests.swift; sourceTree = "<group>"; };
		A88E3131787846B3ABDBF43F /* WorkHoursManager.swift */ = {isa = PBXFileReference; lastKnownFileType = sourcecode.swift; name = WorkHoursManager.swift; path = Managers/WorkHoursManager.swift; sourceTree = "<group>"; };
		ABCDEF1234567890ABCDEF12 /* AppIcon.icns */ = {isa = PBXFileReference; lastKnownFileType = image.icns; path = AppIcon.icns; sourceTree = "<group>"; };
		ADE492424B2249349A6FE13F /* CompletionView.swift */ = {isa = PBXFileReference; lastKnownFileType = sourcecode.swift; name = CompletionView.swift; path = Views/Components/CompletionView.swift; sourceTree = "<group>"; };
		AFB3B0E52CCA4B5CB2423C58 /* Exercise.swift */ = {isa = PBXFileReference; lastKnownFileType = sourcecode.swift; name = Exercise.swift; path = Models/Exercise.swift; sourceTree = "<group>"; };
		B2EAF51DED38476390E916A9 /* CalendarManager.swift */ = {isa = PBXFileReference; lastKnownFileType = sourcecode.swift; name = CalendarManager.swift; path = Managers/CalendarManager.swift; sourceTree = "<group>"; };
		B3E23C16C9D8E702681B8C54 /* TestPreferencesStore.swift */ = {isa = PBXFileReference; includeInIndex = 1; lastKnownFileType = sourcecode.swift; name = TestPreferencesStore.swift; path = TouchGrassTests/Helpers/TestPreferencesStore.swift; sourceTree = "<group>"; };
		B71234501234567812345678 /* Touch Grass.app */ = {isa = PBXFileReference; explicitFileType = wrapper.application; includeInIndex = 0; path = "Touch Grass.app"; sourceTree = BUILT_PRODUCTS_DIR; };
		B712345F1234567812345678 /* Info.plist */ = {isa = PBXFileReference; lastKnownFileType = text.plist.xml; path = Info.plist; sourceTree = "<group>"; };
		B8DAA8ED3155332DE8EB21E9 /* TouchGrassModeWithSuggestion.swift */ = {isa = PBXFileReference; includeInIndex = 1; lastKnownFileType = sourcecode.swift; name = TouchGrassModeWithSuggestion.swift; path = Views/TouchGrassModeWithSuggestion.swift; sourceTree = "<group>"; };
		BC1BEDC2F808400987D69A8B /* UpdateProgressView.swift */ = {isa = PBXFileReference; lastKnownFileType = sourcecode.swift; name = UpdateProgressView.swift; path = Views/UpdateProgressView.swift; sourceTree = "<group>"; };
		BF2BD545B00140FDAF4B2FCE /* ExerciseView.swift */ = {isa = PBXFileReference; lastKnownFileType = sourcecode.swift; name = ExerciseView.swift; path = Views/ExerciseView.swift; sourceTree = "<group>"; };
		C1B49700923E42A4A45984EF /* TimerService.swift */ = {isa = PBXFileReference; lastKnownFileType = sourcecode.swift; name = TimerService.swift; path = Managers/TimerService.swift; sourceTree = "<group>"; };
		C35470E4EB9F4DD482B5C344 /* DesignSystem.swift */ = {isa = PBXFileReference; lastKnownFileType = sourcecode.swift; name = DesignSystem.swift; path = Resources/DesignSystem.swift; sourceTree = "<group>"; };
		C617EE0264CF46AFA3EA084D /* OnboardingManager.swift */ = {isa = PBXFileReference; lastKnownFileType = sourcecode.swift; name = OnboardingManager.swift; path = Managers/OnboardingManager.swift; sourceTree = "<group>"; };
		C742A93C6D6241B186F0135E /* TouchGrassApp.swift */ = {isa = PBXFileReference; lastKnownFileType = sourcecode.swift; path = TouchGrassApp.swift; sourceTree = "<group>"; };
		C7A37EE6B8C1432D81699E7A /* TouchGrassMode.swift */ = {isa = PBXFileReference; lastKnownFileType = sourcecode.swift; name = TouchGrassMode.swift; path = Views/TouchGrassMode.swift; sourceTree = "<group>"; };
		C7C29DD1ED114761A1E5FBE9 /* TouchGrassModeRefactored.swift */ = {isa = PBXFileReference; lastKnownFileType = sourcecode.swift; name = TouchGrassModeRefactored.swift; path = Views/TouchGrassModeRefactored.swift; sourceTree = "<group>"; };
		CF05E7D3B0CC48C5A1A91100 /* ExerciseSelectionView.swift */ = {isa = PBXFileReference; lastKnownFileType = sourcecode.swift; name = ExerciseSelectionView.swift; path = Views/ExerciseSelectionView.swift; sourceTree = "<group>"; };
		D08BCD7E197648CE8D8693F1 /* PreferencesStore.swift */ = {isa = PBXFileReference; lastKnownFileType = sourcecode.swift; name = PreferencesStore.swift; path = Managers/PreferencesStore.swift; sourceTree = "<group>"; };
		D2F9EA36C93D449D837FC0C3 /* WindowHelper.swift */ = {isa = PBXFileReference; lastKnownFileType = sourcecode.swift; name = WindowHelper.swift; path = Managers/WindowHelper.swift; sourceTree = "<group>"; };
		D75514C88ECE4BF1A60DBB70 /* SimpleOnboardingWindow.swift */ = {isa = PBXFileReference; lastKnownFileType = sourcecode.swift; name = SimpleOnboardingWindow.swift; path = Views/SimpleOnboardingWindow.swift; sourceTree = "<group>"; };
		DCFD3A05466E47FBBE9C0C95 /* TouchGrassModeController.swift */ = {isa = PBXFileReference; lastKnownFileType = sourcecode.swift; name = TouchGrassModeController.swift; path = Controllers/TouchGrassModeController.swift; sourceTree = "<group>"; };
		DF6603DA4B8340EFEF81D080 /* WeatherKitService.swift */ = {isa = PBXFileReference; includeInIndex = 1; lastKnownFileType = sourcecode.swift; name = WeatherKitService.swift; path = Managers/WeatherKitService.swift; sourceTree = "<group>"; };
		EC0BA99FC5F74770988AD0D2 /* Messages.swift */ = {isa = PBXFileReference; lastKnownFileType = sourcecode.swift; name = Messages.swift; path = Models/Messages.swift; sourceTree = "<group>"; };
		EE54DF92E8F553EA850E64E3 /* WorkHoursTests.swift */ = {isa = PBXFileReference; includeInIndex = 1; lastKnownFileType = sourcecode.swift; name = WorkHoursTests.swift; path = TouchGrassTests/Integration/WorkHoursTests.swift; sourceTree = "<group>"; };
		F0D6740A8FDDAC71B8A75B74 /* ActivitySuggestionEngine.swift */ = {isa = PBXFileReference; includeInIndex = 1; lastKnownFileType = sourcecode.swift; name = ActivitySuggestionEngine.swift; path = Managers/ActivitySuggestionEngine.swift; sourceTree = "<group>"; };
		F190DD70BB63445099922513 /* InteractiveButton.swift */ = {isa = PBXFileReference; lastKnownFileType = sourcecode.swift; name = InteractiveButton.swift; path = Views/Components/InteractiveButton.swift; sourceTree = "<group>"; };
		F77866EC88D85C3800DDC7D4 /* MockNotificationCenter.swift */ = {isa = PBXFileReference; includeInIndex = 1; lastKnownFileType = sourcecode.swift; name = MockNotificationCenter.swift; path = TouchGrassTests/Mocks/MockNotificationCenter.swift; sourceTree = "<group>"; };
		F914D9DC3AA54CAC900E757B /* WaterTracker.swift */ = {isa = PBXFileReference; lastKnownFileType = sourcecode.swift; name = WaterTracker.swift; path = Managers/WaterTracker.swift; sourceTree = "<group>"; };
		FA1CC0A2AD1D5D5D66976B0D /* TouchGrassTests.xctest */ = {isa = PBXFileReference; explicitFileType = wrapper.cfbundle; includeInIndex = 0; path = TouchGrassTests.xctest; sourceTree = BUILT_PRODUCTS_DIR; };
		FAF1B9E059508BB23AAC46E6 /* ActivitySuggestionEngineTests.swift */ = {isa = PBXFileReference; includeInIndex = 1; lastKnownFileType = sourcecode.swift; name = ActivitySuggestionEngineTests.swift; path = TouchGrassTests/Integration/ActivitySuggestionEngineTests.swift; sourceTree = "<group>"; };
		FEF78D7D40114727A453DB81 /* OnboardingHeaderView.swift */ = {isa = PBXFileReference; lastKnownFileType = sourcecode.swift; name = OnboardingHeaderView.swift; path = Views/OnboardingHeaderView.swift; sourceTree = "<group>"; };
/* End PBXFileReference section */

/* Begin PBXFrameworksBuildPhase section */
		B712344D1234567812345678 /* Frameworks */ = {
			isa = PBXFrameworksBuildPhase;
			buildActionMask = 2147483647;
			files = (
			);
			runOnlyForDeploymentPostprocessing = 0;
		};
		F71AF85FF7B1318F2847760D /* Frameworks */ = {
			isa = PBXFrameworksBuildPhase;
			buildActionMask = 2147483647;
			files = (
				7DBABD68CC57A73D9EF9CA8D /* Cocoa.framework in Frameworks */,
			);
			runOnlyForDeploymentPostprocessing = 0;
		};
/* End PBXFrameworksBuildPhase section */

/* Begin PBXGroup section */
		001ABACCFFF35C7FD11AA932 /* OS X */ = {
			isa = PBXGroup;
			children = (
				3D121FB09A6584E914E4F677 /* Cocoa.framework */,
			);
			name = "OS X";
			sourceTree = "<group>";
		};
		34253C8D0EF7DBDE57F58279 /* Onboarding */ = {
			isa = PBXGroup;
			children = (
				8002EDF1BCE94335BE811585 /* TouchGrassOnboardingController.swift */,
			);
			name = Onboarding;
			sourceTree = "<group>";
		};
		34681C3AE33484B960CD3332 /* Components */ = {
			isa = PBXGroup;
			children = (
			);
			name = Components;
			sourceTree = "<group>";
		};
		43CEEEDA2EE08ACF5A1D4B5F /* Helpers */ = {
			isa = PBXGroup;
			children = (
				B3E23C16C9D8E702681B8C54 /* TestPreferencesStore.swift */,
				A08E71BEB12A6545B069C991 /* TestScheduler.swift */,
			);
			name = Helpers;
			sourceTree = "<group>";
		};
		4746AFF1FFD7440AC89A288C /* Models */ = {
			isa = PBXGroup;
			children = (
				AFB3B0E52CCA4B5CB2423C58 /* Exercise.swift */,
				EC0BA99FC5F74770988AD0D2 /* Messages.swift */,
			);
			name = Models;
			sourceTree = "<group>";
		};
		47EFE53B89DF8329DBDEAAC5 /* Resources */ = {
			isa = PBXGroup;
			children = (
				C35470E4EB9F4DD482B5C344 /* DesignSystem.swift */,
			);
			name = Resources;
			sourceTree = "<group>";
		};
		4D6F6B8B398F650145190CC0 /* Frameworks */ = {
			isa = PBXGroup;
			children = (
				001ABACCFFF35C7FD11AA932 /* OS X */,
			);
			name = Frameworks;
			sourceTree = "<group>";
		};
		5801F16888EAD17046CED222 /* TouchGrass */ = {
			isa = PBXGroup;
			children = (
				DE537B7F0A2C0FBC864BF369 /* Design */,
				34681C3AE33484B960CD3332 /* Components */,
			);
			name = TouchGrass;
			sourceTree = "<group>";
		};
		5B00D992D328A98543218C69 /* Views */ = {
			isa = PBXGroup;
			children = (
				710F0FEBF32D491D8771CA1A /* CustomizationView.swift */,
				CF05E7D3B0CC48C5A1A91100 /* ExerciseSelectionView.swift */,
				BF2BD545B00140FDAF4B2FCE /* ExerciseView.swift */,
				79311D2091E54488B94FFADC /* GrassIcon.swift */,
				BC1BEDC2F808400987D69A8B /* UpdateProgressView.swift */,
				123BA605807E42D08D35BEE7 /* WorkHoursSettingsView.swift */,
				C7A37EE6B8C1432D81699E7A /* TouchGrassMode.swift */,
				6F7BF4189653BB275EDB094B /* Onboarding */,
				FE7ED6D135003B73C0D10C1F /* Components */,
				C7C29DD1ED114761A1E5FBE9 /* TouchGrassModeRefactored.swift */,
				B8DAA8ED3155332DE8EB21E9 /* TouchGrassModeWithSuggestion.swift */,
			);
			name = Views;
			sourceTree = "<group>";
		};
		5D9509450411CE284E100B0D /* TouchGrassTests */ = {
			isa = PBXGroup;
			children = (
				E0522F8FDE217B5498C6FBF3 /* Integration */,
				AB3B9D8D041FE11C23BEEEBC /* Mocks */,
				43CEEEDA2EE08ACF5A1D4B5F /* Helpers */,
			);
			name = TouchGrassTests;
			sourceTree = "<group>";
		};
		6F7BF4189653BB275EDB094B /* Onboarding */ = {
			isa = PBXGroup;
			children = (
				62A89115D30340428D810C63 /* OnboardingCustomizationView.swift */,
				FEF78D7D40114727A453DB81 /* OnboardingHeaderView.swift */,
				8A9A84660C7543CFBEB28545 /* OnboardingWindow.swift */,
				D75514C88ECE4BF1A60DBB70 /* SimpleOnboardingWindow.swift */,
				34360F1EF81742CDB0DD3EAE /* TouchGrassOnboarding.swift */,
			);
			name = Onboarding;
			sourceTree = "<group>";
		};
		9A0D029C68B1827390B75064 /* Controllers */ = {
			isa = PBXGroup;
			children = (
				34253C8D0EF7DBDE57F58279 /* Onboarding */,
				9CA7B53ACD134163B7C04E24 /* CustomizationWindowController.swift */,
				815B8462CE8F4E8E8676A8AA /* ExerciseWindowController.swift */,
				DCFD3A05466E47FBBE9C0C95 /* TouchGrassModeController.swift */,
			);
			name = Controllers;
			sourceTree = "<group>";
		};
		AB3B9D8D041FE11C23BEEEBC /* Mocks */ = {
			isa = PBXGroup;
			children = (
				F77866EC88D85C3800DDC7D4 /* MockNotificationCenter.swift */,
				88A8CA2D9979317578A451F4 /* MockCalendarManager.swift */,
			);
			name = Mocks;
			sourceTree = "<group>";
		};
		B71234471234567812345678 = {
			isa = PBXGroup;
			children = (
				B71234521234567812345678 /* . */,
				B71234511234567812345678 /* Products */,
				BA95619409D8A4BED07BB035 /* Managers */,
				4746AFF1FFD7440AC89A288C /* Models */,
				5B00D992D328A98543218C69 /* Views */,
				5801F16888EAD17046CED222 /* TouchGrass */,
				9A0D029C68B1827390B75064 /* Controllers */,
				47EFE53B89DF8329DBDEAAC5 /* Resources */,
				5D9509450411CE284E100B0D /* TouchGrassTests */,
				4D6F6B8B398F650145190CC0 /* Frameworks */,
			);
			sourceTree = "<group>";
		};
		B71234511234567812345678 /* Products */ = {
			isa = PBXGroup;
			children = (
				B71234501234567812345678 /* Touch Grass.app */,
				FA1CC0A2AD1D5D5D66976B0D /* TouchGrassTests.xctest */,
			);
			name = Products;
			sourceTree = "<group>";
		};
		B71234521234567812345678 /* . */ = {
			isa = PBXGroup;
			children = (
				B712345F1234567812345678 /* Info.plist */,
				C742A93C6D6241B186F0135E /* TouchGrassApp.swift */,
				ABCDEF1234567890ABCDEF12 /* AppIcon.icns */,
				DF6603DA4B8340EFEF81D080 /* WeatherKitService.swift */,
				F0D6740A8FDDAC71B8A75B74 /* ActivitySuggestionEngine.swift */,
			);
			path = .;
			sourceTree = "<group>";
		};
		BA95619409D8A4BED07BB035 /* Managers */ = {
			isa = PBXGroup;
			children = (
				70B179B93FB54F9FB0C53269 /* ActivityTracker.swift */,
				B2EAF51DED38476390E916A9 /* CalendarManager.swift */,
				C617EE0264CF46AFA3EA084D /* OnboardingManager.swift */,
				024C45B060374A5BAEDAE1D3 /* ReminderManager.swift */,
				53F5FC669419485A98B0C9B6 /* UpdateManager.swift */,
				A88E3131787846B3ABDBF43F /* WorkHoursManager.swift */,
				C1B49700923E42A4A45984EF /* TimerService.swift */,
				D08BCD7E197648CE8D8693F1 /* PreferencesStore.swift */,
				F914D9DC3AA54CAC900E757B /* WaterTracker.swift */,
				D2F9EA36C93D449D837FC0C3 /* WindowHelper.swift */,
			);
			name = Managers;
			sourceTree = "<group>";
		};
		DE537B7F0A2C0FBC864BF369 /* Design */ = {
			isa = PBXGroup;
			children = (
			);
			name = Design;
			sourceTree = "<group>";
		};
		E0522F8FDE217B5498C6FBF3 /* Integration */ = {
			isa = PBXGroup;
			children = (
				A49A8294164D8A8B666F5569 /* TouchGrassModeTests.swift */,
				9181BBFE68F887B39063D1D9 /* CalendarIntegrationTests.swift */,
				9950071806D1B845545E10A8 /* WaterTrackingTests.swift */,
				EE54DF92E8F553EA850E64E3 /* WorkHoursTests.swift */,
				04E567C3E89F54ED538D0AC4 /* EndToEndFlowTests.swift */,
				815D3F2D783A138A7B88C4FE /* ReminderSchedulingTests.swift */,
				FAF1B9E059508BB23AAC46E6 /* ActivitySuggestionEngineTests.swift */,
				377575A395C6E35DB808B46A /* TouchGrassModeIntegrationTests.swift */,
			);
			name = Integration;
			sourceTree = "<group>";
		};
		FE7ED6D135003B73C0D10C1F /* Components */ = {
			isa = PBXGroup;
			children = (
				608665F88B9243F88CD4156D /* ActivitySelectionView.swift */,
				961799C784264550B437C006 /* CalendarContextView.swift */,
				ADE492424B2249349A6FE13F /* CompletionView.swift */,
				3A8AD738AC814AF790A94260 /* ExerciseMenuView.swift */,
				F190DD70BB63445099922513 /* InteractiveButton.swift */,
				435F6A81B40E4BB2B3517A4D /* WaterTrackingBar.swift */,
			);
			name = Components;
			sourceTree = "<group>";
		};
/* End PBXGroup section */

/* Begin PBXNativeTarget section */
		B712344F1234567812345678 /* TouchGrass */ = {
			isa = PBXNativeTarget;
			buildConfigurationList = B71234631234567812345678 /* Build configuration list for PBXNativeTarget "TouchGrass" */;
			buildPhases = (
				B712344C1234567812345678 /* Sources */,
				B712344D1234567812345678 /* Frameworks */,
				B712344E1234567812345678 /* Resources */,
			);
			buildRules = (
			);
			dependencies = (
			);
			name = TouchGrass;
			productName = TouchGrass;
			productReference = B71234501234567812345678 /* Touch Grass.app */;
			productType = "com.apple.product-type.application";
		};
		C3A1F9AE4F81CC4EB3688D56 /* TouchGrassTests */ = {
			isa = PBXNativeTarget;
			buildConfigurationList = FA733F806A3D85A034893E9B /* Build configuration list for PBXNativeTarget "TouchGrassTests" */;
			buildPhases = (
				1672B6E547CCB5EC4A435A2A /* Sources */,
				F71AF85FF7B1318F2847760D /* Frameworks */,
				3D400933766D0BC02CDB7E28 /* Resources */,
			);
			buildRules = (
			);
			dependencies = (
				35ADA3E5189202423FFD3C12 /* PBXTargetDependency */,
			);
			name = TouchGrassTests;
			productName = TouchGrassTests;
			productReference = FA1CC0A2AD1D5D5D66976B0D /* TouchGrassTests.xctest */;
			productType = "com.apple.product-type.bundle.unit-test";
		};
/* End PBXNativeTarget section */

/* Begin PBXProject section */
		B71234481234567812345678 /* Project object */ = {
			isa = PBXProject;
			attributes = {
				BuildIndependentTargetsInParallel = 1;
				LastSwiftUpdateCheck = 1430;
				LastUpgradeCheck = 1640;
				TargetAttributes = {
					B712344F1234567812345678 = {
						CreatedOnToolsVersion = 14.3;
					};
				};
			};
			buildConfigurationList = B712344B1234567812345678 /* Build configuration list for PBXProject "TouchGrass" */;
			compatibilityVersion = "Xcode 14.0";
			developmentRegion = en;
			hasScannedForEncodings = 0;
			knownRegions = (
				en,
				Base,
			);
			mainGroup = B71234471234567812345678;
			productRefGroup = B71234511234567812345678 /* Products */;
			projectDirPath = "";
			projectRoot = "";
			targets = (
				B712344F1234567812345678 /* TouchGrass */,
				C3A1F9AE4F81CC4EB3688D56 /* TouchGrassTests */,
			);
		};
/* End PBXProject section */

/* Begin PBXResourcesBuildPhase section */
		3D400933766D0BC02CDB7E28 /* Resources */ = {
			isa = PBXResourcesBuildPhase;
			buildActionMask = 2147483647;
			files = (
			);
			runOnlyForDeploymentPostprocessing = 0;
		};
		B712344E1234567812345678 /* Resources */ = {
			isa = PBXResourcesBuildPhase;
			buildActionMask = 2147483647;
			files = (
				ABCDEF1234567890ABCDEF13 /* AppIcon.icns in Resources */,
			);
			runOnlyForDeploymentPostprocessing = 0;
		};
/* End PBXResourcesBuildPhase section */

/* Begin PBXSourcesBuildPhase section */
		1672B6E547CCB5EC4A435A2A /* Sources */ = {
			isa = PBXSourcesBuildPhase;
			buildActionMask = 2147483647;
			files = (
				CE45134F16DA358549CCCFBE /* TouchGrassModeTests.swift in Sources */,
				E1953649DD02A26BAD4F4222 /* CalendarIntegrationTests.swift in Sources */,
				409A55A0826456316D833281 /* WaterTrackingTests.swift in Sources */,
				4300261202608911462237B4 /* WorkHoursTests.swift in Sources */,
				B286C3F4693058FCF4EA349B /* EndToEndFlowTests.swift in Sources */,
				3B034EF0026F03B4945ACC99 /* ReminderSchedulingTests.swift in Sources */,
				3B0F45AB384C6016974E2287 /* MockNotificationCenter.swift in Sources */,
				946D881D27ADB334F416A3E5 /* MockCalendarManager.swift in Sources */,
				116BF8B10C460CB148B01478 /* TestPreferencesStore.swift in Sources */,
				B74097FBF0712AED801E81E4 /* TestScheduler.swift in Sources */,
				0E50F3967E2E80F19CC49F0C /* TouchGrassModeIntegrationTests.swift in Sources */,
			);
			runOnlyForDeploymentPostprocessing = 0;
		};
		B712344C1234567812345678 /* Sources */ = {
			isa = PBXSourcesBuildPhase;
			buildActionMask = 2147483647;
			files = (
				11FB02CDEB764C8D81C3435F /* DesignSystem.swift in Sources */,
				0087A2362AFB4092A9E95CAD /* ActivitySelectionView.swift in Sources */,
				F8904461C0264384BDD06013 /* CalendarContextView.swift in Sources */,
				744C689D67104C6A9A484C40 /* CompletionView.swift in Sources */,
				5F3E90ABF93F4D83ACB779F1 /* ExerciseMenuView.swift in Sources */,
				4760E2AFB6D64BCF879DFC19 /* InteractiveButton.swift in Sources */,
				D5C3F3FD50984AB296610C02 /* WaterTrackingBar.swift in Sources */,
				41A2192D1D0D42748C8F753A /* TouchGrassModeRefactored.swift in Sources */,
				9C480DBAE43448B5BFB43FFD /* ActivityTracker.swift in Sources */,
				CC56EFB4CEEE48C584FDFAFE /* CalendarManager.swift in Sources */,
				796A4CB6894D43BB94D9855D /* CustomizationView.swift in Sources */,
				8F499EC6B4504C8EB94B9A3F /* CustomizationWindowController.swift in Sources */,
				54842E0254CB4DA88C7F462F /* Exercise.swift in Sources */,
				2D4E54316B97414AB2FBF380 /* ExerciseSelectionView.swift in Sources */,
				B8EED555A2DB4FEAB87BB097 /* ExerciseView.swift in Sources */,
				5AE4088CAC6E40A7AC3AA5BE /* ExerciseWindowController.swift in Sources */,
				FB153C3101AF42149B138B11 /* GrassIcon.swift in Sources */,
				F5E7A6A3785E4868A5EE0642 /* Messages.swift in Sources */,
				B4941CBB31C54967854067F0 /* OnboardingCustomizationView.swift in Sources */,
				86D04943CD3D49248FFD5455 /* OnboardingHeaderView.swift in Sources */,
				4CD53CDB484747DBB4CEEF7E /* OnboardingManager.swift in Sources */,
				3BF844C33B444B79A3949A0B /* OnboardingWindow.swift in Sources */,
				1C0C9630E9EB4ACD87389865 /* ReminderManager.swift in Sources */,
				0803800793D440489E35501A /* SimpleOnboardingWindow.swift in Sources */,
				4BA1A292C86F4F6390467DF1 /* TouchGrassApp.swift in Sources */,
				7C0590FAADF9492EA6C0155D /* TouchGrassOnboarding.swift in Sources */,
				D4747A4349DA4A7E86C444A5 /* TouchGrassOnboardingController.swift in Sources */,
				863A5337B76A42858F620258 /* UpdateManager.swift in Sources */,
				C4A5E53AF7CD47F9AF897CDE /* UpdateProgressView.swift in Sources */,
				C8639872E55F40CFB23151A5 /* WaterTracker.swift in Sources */,
				00F926DE94574A7FA1226241 /* WindowHelper.swift in Sources */,
				845281A875484FA7871191A1 /* WorkHoursManager.swift in Sources */,
				300DC90AEDB14F26A1F4FC87 /* WorkHoursSettingsView.swift in Sources */,
				A469E57921BB4799A8B8FFB1 /* TouchGrassMode.swift in Sources */,
				1E73424E605A42A5953234CC /* TouchGrassModeController.swift in Sources */,
				FD50686FBCC94C46A5BCC653 /* TimerService.swift in Sources */,
				CAC1C9608FA74B14AF9B0DD4 /* PreferencesStore.swift in Sources */,
				4F7587425D7E20AC6D699121 /* WeatherKitService.swift in Sources */,
				4024B2A50D65E29B4DB326F1 /* ActivitySuggestionEngine.swift in Sources */,
				E627ABBDE1FF7078955AEEFD /* TouchGrassModeWithSuggestion.swift in Sources */,
			);
			runOnlyForDeploymentPostprocessing = 0;
		};
/* End PBXSourcesBuildPhase section */

/* Begin PBXTargetDependency section */
		35ADA3E5189202423FFD3C12 /* PBXTargetDependency */ = {
			isa = PBXTargetDependency;
			name = TouchGrass;
			target = B712344F1234567812345678 /* TouchGrass */;
			targetProxy = C0159CF17FEFA6B5D396A79A /* PBXContainerItemProxy */;
		};
/* End PBXTargetDependency section */

/* Begin XCBuildConfiguration section */
		561F714D56A37959739AA333 /* Debug */ = {
			isa = XCBuildConfiguration;
			buildSettings = {
				BUNDLE_LOADER = "$(TEST_HOST)";
				CODE_SIGN_STYLE = Automatic;
				GENERATE_INFOPLIST_FILE = YES;
				INFOPLIST_FILE = "";
				MACOSX_DEPLOYMENT_TARGET = 14.0;
				PRODUCT_BUNDLE_IDENTIFIER = com.dmfenton.TouchGrassTests;
				PRODUCT_MODULE_NAME = TouchGrassTests;
				PRODUCT_NAME = TouchGrassTests;
				SDKROOT = macosx;
				SWIFT_VERSION = 5.0;
				TEST_HOST = "$(BUILT_PRODUCTS_DIR)/Touch Grass.app/Contents/MacOS/Touch Grass";
			};
			name = Debug;
		};
		832C3207B3C0B5223A09D7CC /* Release */ = {
			isa = XCBuildConfiguration;
			buildSettings = {
				BUNDLE_LOADER = "$(TEST_HOST)";
				CODE_SIGN_STYLE = Automatic;
				GENERATE_INFOPLIST_FILE = YES;
				INFOPLIST_FILE = "";
				MACOSX_DEPLOYMENT_TARGET = 14.0;
				PRODUCT_BUNDLE_IDENTIFIER = com.dmfenton.TouchGrassTests;
				PRODUCT_MODULE_NAME = TouchGrassTests;
				PRODUCT_NAME = TouchGrassTests;
				SDKROOT = macosx;
				SWIFT_VERSION = 5.0;
				TEST_HOST = "$(BUILT_PRODUCTS_DIR)/Touch Grass.app/Contents/MacOS/Touch Grass";
			};
			name = Release;
		};
		B71234611234567812345678 /* Debug */ = {
			isa = XCBuildConfiguration;
			buildSettings = {
				ALWAYS_SEARCH_USER_PATHS = NO;
				CLANG_ANALYZER_NONNULL = YES;
				CLANG_ANALYZER_NUMBER_OBJECT_CONVERSION = YES_AGGRESSIVE;
				CLANG_CXX_LANGUAGE_STANDARD = "gnu++20";
				CLANG_ENABLE_MODULES = YES;
				CLANG_ENABLE_OBJC_ARC = YES;
				CLANG_ENABLE_OBJC_WEAK = YES;
				CLANG_WARN_BLOCK_CAPTURE_AUTORELEASING = YES;
				CLANG_WARN_BOOL_CONVERSION = YES;
				CLANG_WARN_COMMA = YES;
				CLANG_WARN_CONSTANT_CONVERSION = YES;
				CLANG_WARN_DEPRECATED_OBJC_IMPLEMENTATIONS = YES;
				CLANG_WARN_DIRECT_OBJC_ISA_USAGE = YES_ERROR;
				CLANG_WARN_DOCUMENTATION_COMMENTS = YES;
				CLANG_WARN_EMPTY_BODY = YES;
				CLANG_WARN_ENUM_CONVERSION = YES;
				CLANG_WARN_INFINITE_RECURSION = YES;
				CLANG_WARN_INT_CONVERSION = YES;
				CLANG_WARN_NON_LITERAL_NULL_CONVERSION = YES;
				CLANG_WARN_OBJC_IMPLICIT_RETAIN_SELF = YES;
				CLANG_WARN_OBJC_LITERAL_CONVERSION = YES;
				CLANG_WARN_OBJC_ROOT_CLASS = YES_ERROR;
				CLANG_WARN_QUOTED_INCLUDE_IN_FRAMEWORK_HEADER = YES;
				CLANG_WARN_RANGE_LOOP_ANALYSIS = YES;
				CLANG_WARN_STRICT_PROTOTYPES = YES;
				CLANG_WARN_SUSPICIOUS_MOVE = YES;
				CLANG_WARN_UNGUARDED_AVAILABILITY = YES_AGGRESSIVE;
				CLANG_WARN_UNREACHABLE_CODE = YES;
				CLANG_WARN__DUPLICATE_METHOD_MATCH = YES;
				COPY_PHASE_STRIP = NO;
				DEAD_CODE_STRIPPING = YES;
				DEBUG_INFORMATION_FORMAT = dwarf;
				ENABLE_STRICT_OBJC_MSGSEND = YES;
				ENABLE_TESTABILITY = YES;
				ENABLE_USER_SCRIPT_SANDBOXING = YES;
				GCC_C_LANGUAGE_STANDARD = gnu11;
				GCC_DYNAMIC_NO_PIC = NO;
				GCC_NO_COMMON_BLOCKS = YES;
				GCC_OPTIMIZATION_LEVEL = 0;
				GCC_PREPROCESSOR_DEFINITIONS = (
					"DEBUG=1",
					"$(inherited)",
				);
				GCC_WARN_64_TO_32_BIT_CONVERSION = YES;
				GCC_WARN_ABOUT_RETURN_TYPE = YES_ERROR;
				GCC_WARN_UNDECLARED_SELECTOR = YES;
				GCC_WARN_UNINITIALIZED_AUTOS = YES_AGGRESSIVE;
				GCC_WARN_UNUSED_FUNCTION = YES;
				GCC_WARN_UNUSED_VARIABLE = YES;
				MACOSX_DEPLOYMENT_TARGET = 14.0;
				MTL_ENABLE_DEBUG_INFO = INCLUDE_SOURCE;
				MTL_FAST_MATH = YES;
				ONLY_ACTIVE_ARCH = YES;
				SDKROOT = macosx;
				SWIFT_ACTIVE_COMPILATION_CONDITIONS = DEBUG;
				SWIFT_OPTIMIZATION_LEVEL = "-Onone";
			};
			name = Debug;
		};
		B71234621234567812345678 /* Release */ = {
			isa = XCBuildConfiguration;
			buildSettings = {
				ALWAYS_SEARCH_USER_PATHS = NO;
				CLANG_ANALYZER_NONNULL = YES;
				CLANG_ANALYZER_NUMBER_OBJECT_CONVERSION = YES_AGGRESSIVE;
				CLANG_CXX_LANGUAGE_STANDARD = "gnu++20";
				CLANG_ENABLE_MODULES = YES;
				CLANG_ENABLE_OBJC_ARC = YES;
				CLANG_ENABLE_OBJC_WEAK = YES;
				CLANG_WARN_BLOCK_CAPTURE_AUTORELEASING = YES;
				CLANG_WARN_BOOL_CONVERSION = YES;
				CLANG_WARN_COMMA = YES;
				CLANG_WARN_CONSTANT_CONVERSION = YES;
				CLANG_WARN_DEPRECATED_OBJC_IMPLEMENTATIONS = YES;
				CLANG_WARN_DIRECT_OBJC_ISA_USAGE = YES_ERROR;
				CLANG_WARN_DOCUMENTATION_COMMENTS = YES;
				CLANG_WARN_EMPTY_BODY = YES;
				CLANG_WARN_ENUM_CONVERSION = YES;
				CLANG_WARN_INFINITE_RECURSION = YES;
				CLANG_WARN_INT_CONVERSION = YES;
				CLANG_WARN_NON_LITERAL_NULL_CONVERSION = YES;
				CLANG_WARN_OBJC_IMPLICIT_RETAIN_SELF = YES;
				CLANG_WARN_OBJC_LITERAL_CONVERSION = YES;
				CLANG_WARN_OBJC_ROOT_CLASS = YES_ERROR;
				CLANG_WARN_QUOTED_INCLUDE_IN_FRAMEWORK_HEADER = YES;
				CLANG_WARN_RANGE_LOOP_ANALYSIS = YES;
				CLANG_WARN_STRICT_PROTOTYPES = YES;
				CLANG_WARN_SUSPICIOUS_MOVE = YES;
				CLANG_WARN_UNGUARDED_AVAILABILITY = YES_AGGRESSIVE;
				CLANG_WARN_UNREACHABLE_CODE = YES;
				CLANG_WARN__DUPLICATE_METHOD_MATCH = YES;
				COPY_PHASE_STRIP = NO;
				DEAD_CODE_STRIPPING = YES;
				DEBUG_INFORMATION_FORMAT = "dwarf-with-dsym";
				ENABLE_NS_ASSERTIONS = NO;
				ENABLE_STRICT_OBJC_MSGSEND = YES;
				ENABLE_USER_SCRIPT_SANDBOXING = YES;
				GCC_C_LANGUAGE_STANDARD = gnu11;
				GCC_NO_COMMON_BLOCKS = YES;
				GCC_WARN_64_TO_32_BIT_CONVERSION = YES;
				GCC_WARN_ABOUT_RETURN_TYPE = YES_ERROR;
				GCC_WARN_UNDECLARED_SELECTOR = YES;
				GCC_WARN_UNINITIALIZED_AUTOS = YES_AGGRESSIVE;
				GCC_WARN_UNUSED_FUNCTION = YES;
				GCC_WARN_UNUSED_VARIABLE = YES;
				MACOSX_DEPLOYMENT_TARGET = 14.0;
				MTL_ENABLE_DEBUG_INFO = NO;
				MTL_FAST_MATH = YES;
				SDKROOT = macosx;
				SWIFT_COMPILATION_MODE = wholemodule;
				SWIFT_OPTIMIZATION_LEVEL = "-O";
			};
			name = Release;
		};
		B71234641234567812345678 /* Debug */ = {
			isa = XCBuildConfiguration;
			buildSettings = {
				ASSETCATALOG_COMPILER_INCLUDE_ALL_APPICON_ASSETS = YES;
				"CODE_SIGN_IDENTITY[sdk=macosx*]" = "-";
				CODE_SIGN_STYLE = Automatic;
				COMBINE_HIDPI_IMAGES = YES;
				CURRENT_PROJECT_VERSION = 1;
				DEAD_CODE_STRIPPING = YES;
				DEVELOPMENT_TEAM = PG5D259899;
				ENABLE_PREVIEWS = YES;
				GENERATE_INFOPLIST_FILE = NO;
				INFOPLIST_FILE = Info.plist;
				INFOPLIST_KEY_LSApplicationCategoryType = "public.app-category.healthcare-fitness";
				INFOPLIST_KEY_LSUIElement = YES;
				INFOPLIST_KEY_NSHumanReadableCopyright = "";
				LD_RUNPATH_SEARCH_PATHS = (
					"$(inherited)",
					"@executable_path/../Frameworks",
				);
				MACOSX_DEPLOYMENT_TARGET = 14.0;
				MARKETING_VERSION = 1.0;
				PRODUCT_BUNDLE_IDENTIFIER = com.dmfenton.TouchGrass;
				PRODUCT_NAME = "Touch Grass";
				SWIFT_EMIT_LOC_STRINGS = YES;
				SWIFT_VERSION = 5.0;
			};
			name = Debug;
		};
		B71234651234567812345678 /* Release */ = {
			isa = XCBuildConfiguration;
			buildSettings = {
				ASSETCATALOG_COMPILER_INCLUDE_ALL_APPICON_ASSETS = YES;
				"CODE_SIGN_IDENTITY[sdk=macosx*]" = "-";
				CODE_SIGN_STYLE = Automatic;
				COMBINE_HIDPI_IMAGES = YES;
				CURRENT_PROJECT_VERSION = 1;
				DEAD_CODE_STRIPPING = YES;
				DEVELOPMENT_TEAM = PG5D259899;
				ENABLE_PREVIEWS = YES;
				GENERATE_INFOPLIST_FILE = NO;
				INFOPLIST_FILE = Info.plist;
				INFOPLIST_KEY_LSApplicationCategoryType = "public.app-category.healthcare-fitness";
				INFOPLIST_KEY_LSUIElement = YES;
				INFOPLIST_KEY_NSHumanReadableCopyright = "";
				LD_RUNPATH_SEARCH_PATHS = (
					"$(inherited)",
					"@executable_path/../Frameworks",
				);
				MACOSX_DEPLOYMENT_TARGET = 14.0;
				MARKETING_VERSION = 1.0;
				PRODUCT_BUNDLE_IDENTIFIER = com.dmfenton.TouchGrass;
				PRODUCT_NAME = "Touch Grass";
				SWIFT_EMIT_LOC_STRINGS = YES;
				SWIFT_VERSION = 5.0;
			};
			name = Release;
		};
/* End XCBuildConfiguration section */

/* Begin XCConfigurationList section */
		B712344B1234567812345678 /* Build configuration list for PBXProject "TouchGrass" */ = {
			isa = XCConfigurationList;
			buildConfigurations = (
				B71234611234567812345678 /* Debug */,
				B71234621234567812345678 /* Release */,
			);
			defaultConfigurationIsVisible = 0;
			defaultConfigurationName = Release;
		};
		B71234631234567812345678 /* Build configuration list for PBXNativeTarget "TouchGrass" */ = {
			isa = XCConfigurationList;
			buildConfigurations = (
				B71234641234567812345678 /* Debug */,
				B71234651234567812345678 /* Release */,
			);
			defaultConfigurationIsVisible = 0;
			defaultConfigurationName = Release;
		};
		FA733F806A3D85A034893E9B /* Build configuration list for PBXNativeTarget "TouchGrassTests" */ = {
			isa = XCConfigurationList;
			buildConfigurations = (
				832C3207B3C0B5223A09D7CC /* Release */,
				561F714D56A37959739AA333 /* Debug */,
			);
			defaultConfigurationIsVisible = 0;
			defaultConfigurationName = Release;
		};
/* End XCConfigurationList section */
	};
	rootObject = B71234481234567812345678 /* Project object */;
}
