// !$*UTF8*$!
{
	archiveVersion = 1;
	classes = {
	};
	objectVersion = 56;
	objects = {

/* Begin PBXBuildFile section */
		0087A2362AFB4092A9E95CAD /* ActivitySelectionView.swift in Sources */ = {isa = PBXBuildFile; fileRef = 608665F88B9243F88CD4156D /* ActivitySelectionView.swift */; };
		00F926DE94574A7FA1226241 /* WindowHelper.swift in Sources */ = {isa = PBXBuildFile; fileRef = D2F9EA36C93D449D837FC0C3 /* WindowHelper.swift */; };
		0803800793D440489E35501A /* SimpleOnboardingWindow.swift in Sources */ = {isa = PBXBuildFile; fileRef = D75514C88ECE4BF1A60DBB70 /* SimpleOnboardingWindow.swift */; };
		11FB02CDEB764C8D81C3435F /* DesignSystem.swift in Sources */ = {isa = PBXBuildFile; fileRef = C35470E4EB9F4DD482B5C344 /* DesignSystem.swift */; };
		1C0C9630E9EB4ACD87389865 /* ReminderManager.swift in Sources */ = {isa = PBXBuildFile; fileRef = 024C45B060374A5BAEDAE1D3 /* ReminderManager.swift */; };
		1E73424E605A42A5953234CC /* TouchGrassModeController.swift in Sources */ = {isa = PBXBuildFile; fileRef = DCFD3A05466E47FBBE9C0C95 /* TouchGrassModeController.swift */; };
		2D4E54316B97414AB2FBF380 /* ExerciseSelectionView.swift in Sources */ = {isa = PBXBuildFile; fileRef = CF05E7D3B0CC48C5A1A91100 /* ExerciseSelectionView.swift */; };
		300DC90AEDB14F26A1F4FC87 /* WorkHoursSettingsView.swift in Sources */ = {isa = PBXBuildFile; fileRef = 123BA605807E42D08D35BEE7 /* WorkHoursSettingsView.swift */; };
		3BF844C33B444B79A3949A0B /* OnboardingWindow.swift in Sources */ = {isa = PBXBuildFile; fileRef = 8A9A84660C7543CFBEB28545 /* OnboardingWindow.swift */; };
		41A2192D1D0D42748C8F753A /* TouchGrassModeRefactored.swift in Sources */ = {isa = PBXBuildFile; fileRef = C7C29DD1ED114761A1E5FBE9 /* TouchGrassModeRefactored.swift */; };
		4760E2AFB6D64BCF879DFC19 /* InteractiveButton.swift in Sources */ = {isa = PBXBuildFile; fileRef = F190DD70BB63445099922513 /* InteractiveButton.swift */; };
		4BA1A292C86F4F6390467DF1 /* TouchGrassApp.swift in Sources */ = {isa = PBXBuildFile; fileRef = C742A93C6D6241B186F0135E /* TouchGrassApp.swift */; };
		4CD53CDB484747DBB4CEEF7E /* OnboardingManager.swift in Sources */ = {isa = PBXBuildFile; fileRef = C617EE0264CF46AFA3EA084D /* OnboardingManager.swift */; };
		54842E0254CB4DA88C7F462F /* Exercise.swift in Sources */ = {isa = PBXBuildFile; fileRef = AFB3B0E52CCA4B5CB2423C58 /* Exercise.swift */; };
		5AE4088CAC6E40A7AC3AA5BE /* ExerciseWindowController.swift in Sources */ = {isa = PBXBuildFile; fileRef = 815B8462CE8F4E8E8676A8AA /* ExerciseWindowController.swift */; };
		5F3E90ABF93F4D83ACB779F1 /* ExerciseMenuView.swift in Sources */ = {isa = PBXBuildFile; fileRef = 3A8AD738AC814AF790A94260 /* ExerciseMenuView.swift */; };
		744C689D67104C6A9A484C40 /* CompletionView.swift in Sources */ = {isa = PBXBuildFile; fileRef = ADE492424B2249349A6FE13F /* CompletionView.swift */; };
		796A4CB6894D43BB94D9855D /* CustomizationView.swift in Sources */ = {isa = PBXBuildFile; fileRef = 710F0FEBF32D491D8771CA1A /* CustomizationView.swift */; };
		7C0590FAADF9492EA6C0155D /* TouchGrassOnboarding.swift in Sources */ = {isa = PBXBuildFile; fileRef = 34360F1EF81742CDB0DD3EAE /* TouchGrassOnboarding.swift */; };
		845281A875484FA7871191A1 /* WorkHoursManager.swift in Sources */ = {isa = PBXBuildFile; fileRef = A88E3131787846B3ABDBF43F /* WorkHoursManager.swift */; };
		863A5337B76A42858F620258 /* UpdateManager.swift in Sources */ = {isa = PBXBuildFile; fileRef = 53F5FC669419485A98B0C9B6 /* UpdateManager.swift */; };
		86D04943CD3D49248FFD5455 /* OnboardingHeaderView.swift in Sources */ = {isa = PBXBuildFile; fileRef = FEF78D7D40114727A453DB81 /* OnboardingHeaderView.swift */; };
		8F499EC6B4504C8EB94B9A3F /* CustomizationWindowController.swift in Sources */ = {isa = PBXBuildFile; fileRef = 9CA7B53ACD134163B7C04E24 /* CustomizationWindowController.swift */; };
		9C480DBAE43448B5BFB43FFD /* ActivityTracker.swift in Sources */ = {isa = PBXBuildFile; fileRef = 70B179B93FB54F9FB0C53269 /* ActivityTracker.swift */; };
		A469E57921BB4799A8B8FFB1 /* TouchGrassMode.swift in Sources */ = {isa = PBXBuildFile; fileRef = C7A37EE6B8C1432D81699E7A /* TouchGrassMode.swift */; };
		ABCDEF1234567890ABCDEF13 /* AppIcon.icns in Resources */ = {isa = PBXBuildFile; fileRef = ABCDEF1234567890ABCDEF12 /* AppIcon.icns */; };
		B4941CBB31C54967854067F0 /* OnboardingCustomizationView.swift in Sources */ = {isa = PBXBuildFile; fileRef = 62A89115D30340428D810C63 /* OnboardingCustomizationView.swift */; };
		B8EED555A2DB4FEAB87BB097 /* ExerciseView.swift in Sources */ = {isa = PBXBuildFile; fileRef = BF2BD545B00140FDAF4B2FCE /* ExerciseView.swift */; };
		C4A5E53AF7CD47F9AF897CDE /* UpdateProgressView.swift in Sources */ = {isa = PBXBuildFile; fileRef = BC1BEDC2F808400987D69A8B /* UpdateProgressView.swift */; };
		C8639872E55F40CFB23151A5 /* WaterTracker.swift in Sources */ = {isa = PBXBuildFile; fileRef = F914D9DC3AA54CAC900E757B /* WaterTracker.swift */; };
		CAC1C9608FA74B14AF9B0DD4 /* PreferencesStore.swift in Sources */ = {isa = PBXBuildFile; fileRef = D08BCD7E197648CE8D8693F1 /* PreferencesStore.swift */; };
		CC56EFB4CEEE48C584FDFAFE /* CalendarManager.swift in Sources */ = {isa = PBXBuildFile; fileRef = B2EAF51DED38476390E916A9 /* CalendarManager.swift */; };
		D4747A4349DA4A7E86C444A5 /* TouchGrassOnboardingController.swift in Sources */ = {isa = PBXBuildFile; fileRef = 8002EDF1BCE94335BE811585 /* TouchGrassOnboardingController.swift */; };
		D5C3F3FD50984AB296610C02 /* WaterTrackingBar.swift in Sources */ = {isa = PBXBuildFile; fileRef = 435F6A81B40E4BB2B3517A4D /* WaterTrackingBar.swift */; };
		F5E7A6A3785E4868A5EE0642 /* Messages.swift in Sources */ = {isa = PBXBuildFile; fileRef = EC0BA99FC5F74770988AD0D2 /* Messages.swift */; };
		F8904461C0264384BDD06013 /* CalendarContextView.swift in Sources */ = {isa = PBXBuildFile; fileRef = 961799C784264550B437C006 /* CalendarContextView.swift */; };
		FB153C3101AF42149B138B11 /* GrassIcon.swift in Sources */ = {isa = PBXBuildFile; fileRef = 79311D2091E54488B94FFADC /* GrassIcon.swift */; };
		FD50686FBCC94C46A5BCC653 /* TimerService.swift in Sources */ = {isa = PBXBuildFile; fileRef = C1B49700923E42A4A45984EF /* TimerService.swift */; };
/* End PBXBuildFile section */

/* Begin PBXFileReference section */
		024C45B060374A5BAEDAE1D3 /* ReminderManager.swift */ = {isa = PBXFileReference; lastKnownFileType = sourcecode.swift; name = ReminderManager.swift; path = Managers/ReminderManager.swift; sourceTree = "<group>"; };
		123BA605807E42D08D35BEE7 /* WorkHoursSettingsView.swift */ = {isa = PBXFileReference; lastKnownFileType = sourcecode.swift; name = WorkHoursSettingsView.swift; path = Views/WorkHoursSettingsView.swift; sourceTree = "<group>"; };
		34360F1EF81742CDB0DD3EAE /* TouchGrassOnboarding.swift */ = {isa = PBXFileReference; lastKnownFileType = sourcecode.swift; name = TouchGrassOnboarding.swift; path = Views/TouchGrassOnboarding.swift; sourceTree = "<group>"; };
		3A8AD738AC814AF790A94260 /* ExerciseMenuView.swift */ = {isa = PBXFileReference; lastKnownFileType = sourcecode.swift; name = ExerciseMenuView.swift; path = TouchGrass/Views/Components/ExerciseMenuView.swift; sourceTree = "<group>"; };
		435F6A81B40E4BB2B3517A4D /* WaterTrackingBar.swift */ = {isa = PBXFileReference; lastKnownFileType = sourcecode.swift; name = WaterTrackingBar.swift; path = TouchGrass/Views/Components/WaterTrackingBar.swift; sourceTree = "<group>"; };
		53F5FC669419485A98B0C9B6 /* UpdateManager.swift */ = {isa = PBXFileReference; lastKnownFileType = sourcecode.swift; name = UpdateManager.swift; path = Managers/UpdateManager.swift; sourceTree = "<group>"; };
		608665F88B9243F88CD4156D /* ActivitySelectionView.swift */ = {isa = PBXFileReference; lastKnownFileType = sourcecode.swift; name = ActivitySelectionView.swift; path = TouchGrass/Views/Components/ActivitySelectionView.swift; sourceTree = "<group>"; };
		62A89115D30340428D810C63 /* OnboardingCustomizationView.swift */ = {isa = PBXFileReference; lastKnownFileType = sourcecode.swift; name = OnboardingCustomizationView.swift; path = Views/OnboardingCustomizationView.swift; sourceTree = "<group>"; };
		70B179B93FB54F9FB0C53269 /* ActivityTracker.swift */ = {isa = PBXFileReference; lastKnownFileType = sourcecode.swift; name = ActivityTracker.swift; path = Managers/ActivityTracker.swift; sourceTree = "<group>"; };
		710F0FEBF32D491D8771CA1A /* CustomizationView.swift */ = {isa = PBXFileReference; lastKnownFileType = sourcecode.swift; name = CustomizationView.swift; path = Views/CustomizationView.swift; sourceTree = "<group>"; };
		79311D2091E54488B94FFADC /* GrassIcon.swift */ = {isa = PBXFileReference; lastKnownFileType = sourcecode.swift; name = GrassIcon.swift; path = Views/GrassIcon.swift; sourceTree = "<group>"; };
		8002EDF1BCE94335BE811585 /* TouchGrassOnboardingController.swift */ = {isa = PBXFileReference; lastKnownFileType = sourcecode.swift; name = TouchGrassOnboardingController.swift; path = Views/TouchGrassOnboardingController.swift; sourceTree = "<group>"; };
		815B8462CE8F4E8E8676A8AA /* ExerciseWindowController.swift */ = {isa = PBXFileReference; lastKnownFileType = sourcecode.swift; name = ExerciseWindowController.swift; path = Views/ExerciseWindowController.swift; sourceTree = "<group>"; };
		8A9A84660C7543CFBEB28545 /* OnboardingWindow.swift */ = {isa = PBXFileReference; lastKnownFileType = sourcecode.swift; name = OnboardingWindow.swift; path = Views/OnboardingWindow.swift; sourceTree = "<group>"; };
		961799C784264550B437C006 /* CalendarContextView.swift */ = {isa = PBXFileReference; lastKnownFileType = sourcecode.swift; name = CalendarContextView.swift; path = TouchGrass/Views/Components/CalendarContextView.swift; sourceTree = "<group>"; };
		9CA7B53ACD134163B7C04E24 /* CustomizationWindowController.swift */ = {isa = PBXFileReference; lastKnownFileType = sourcecode.swift; name = CustomizationWindowController.swift; path = Views/CustomizationWindowController.swift; sourceTree = "<group>"; };
		A88E3131787846B3ABDBF43F /* WorkHoursManager.swift */ = {isa = PBXFileReference; lastKnownFileType = sourcecode.swift; name = WorkHoursManager.swift; path = Managers/WorkHoursManager.swift; sourceTree = "<group>"; };
		ABCDEF1234567890ABCDEF12 /* AppIcon.icns */ = {isa = PBXFileReference; lastKnownFileType = image.icns; path = AppIcon.icns; sourceTree = "<group>"; };
		ADE492424B2249349A6FE13F /* CompletionView.swift */ = {isa = PBXFileReference; lastKnownFileType = sourcecode.swift; name = CompletionView.swift; path = TouchGrass/Views/Components/CompletionView.swift; sourceTree = "<group>"; };
		AFB3B0E52CCA4B5CB2423C58 /* Exercise.swift */ = {isa = PBXFileReference; lastKnownFileType = sourcecode.swift; name = Exercise.swift; path = Models/Exercise.swift; sourceTree = "<group>"; };
		B2EAF51DED38476390E916A9 /* CalendarManager.swift */ = {isa = PBXFileReference; lastKnownFileType = sourcecode.swift; name = CalendarManager.swift; path = Managers/CalendarManager.swift; sourceTree = "<group>"; };
		B71234501234567812345678 /* Touch Grass.app */ = {isa = PBXFileReference; explicitFileType = wrapper.application; includeInIndex = 0; path = "Touch Grass.app"; sourceTree = BUILT_PRODUCTS_DIR; };
		B712345F1234567812345678 /* Info.plist */ = {isa = PBXFileReference; lastKnownFileType = text.plist.xml; path = Info.plist; sourceTree = "<group>"; };
		BC1BEDC2F808400987D69A8B /* UpdateProgressView.swift */ = {isa = PBXFileReference; lastKnownFileType = sourcecode.swift; name = UpdateProgressView.swift; path = Views/UpdateProgressView.swift; sourceTree = "<group>"; };
		BF2BD545B00140FDAF4B2FCE /* ExerciseView.swift */ = {isa = PBXFileReference; lastKnownFileType = sourcecode.swift; name = ExerciseView.swift; path = Views/ExerciseView.swift; sourceTree = "<group>"; };
		C1B49700923E42A4A45984EF /* TimerService.swift */ = {isa = PBXFileReference; lastKnownFileType = sourcecode.swift; name = TimerService.swift; path = Managers/TimerService.swift; sourceTree = "<group>"; };
		C35470E4EB9F4DD482B5C344 /* DesignSystem.swift */ = {isa = PBXFileReference; lastKnownFileType = sourcecode.swift; name = DesignSystem.swift; path = TouchGrass/Design/DesignSystem.swift; sourceTree = "<group>"; };
		C617EE0264CF46AFA3EA084D /* OnboardingManager.swift */ = {isa = PBXFileReference; lastKnownFileType = sourcecode.swift; name = OnboardingManager.swift; path = Managers/OnboardingManager.swift; sourceTree = "<group>"; };
		C742A93C6D6241B186F0135E /* TouchGrassApp.swift */ = {isa = PBXFileReference; lastKnownFileType = sourcecode.swift; path = TouchGrassApp.swift; sourceTree = "<group>"; };
		C7A37EE6B8C1432D81699E7A /* TouchGrassMode.swift */ = {isa = PBXFileReference; lastKnownFileType = sourcecode.swift; name = TouchGrassMode.swift; path = Views/TouchGrassMode.swift; sourceTree = "<group>"; };
		C7C29DD1ED114761A1E5FBE9 /* TouchGrassModeRefactored.swift */ = {isa = PBXFileReference; lastKnownFileType = sourcecode.swift; name = TouchGrassModeRefactored.swift; path = TouchGrass/Views/TouchGrassModeRefactored.swift; sourceTree = "<group>"; };
		CF05E7D3B0CC48C5A1A91100 /* ExerciseSelectionView.swift */ = {isa = PBXFileReference; lastKnownFileType = sourcecode.swift; name = ExerciseSelectionView.swift; path = Views/ExerciseSelectionView.swift; sourceTree = "<group>"; };
		D08BCD7E197648CE8D8693F1 /* PreferencesStore.swift */ = {isa = PBXFileReference; lastKnownFileType = sourcecode.swift; name = PreferencesStore.swift; path = Managers/PreferencesStore.swift; sourceTree = "<group>"; };
		D2F9EA36C93D449D837FC0C3 /* WindowHelper.swift */ = {isa = PBXFileReference; lastKnownFileType = sourcecode.swift; name = WindowHelper.swift; path = Managers/WindowHelper.swift; sourceTree = "<group>"; };
		D75514C88ECE4BF1A60DBB70 /* SimpleOnboardingWindow.swift */ = {isa = PBXFileReference; lastKnownFileType = sourcecode.swift; name = SimpleOnboardingWindow.swift; path = Views/SimpleOnboardingWindow.swift; sourceTree = "<group>"; };
		DCFD3A05466E47FBBE9C0C95 /* TouchGrassModeController.swift */ = {isa = PBXFileReference; lastKnownFileType = sourcecode.swift; name = TouchGrassModeController.swift; path = Views/TouchGrassModeController.swift; sourceTree = "<group>"; };
		EC0BA99FC5F74770988AD0D2 /* Messages.swift */ = {isa = PBXFileReference; lastKnownFileType = sourcecode.swift; name = Messages.swift; path = Models/Messages.swift; sourceTree = "<group>"; };
		F190DD70BB63445099922513 /* InteractiveButton.swift */ = {isa = PBXFileReference; lastKnownFileType = sourcecode.swift; name = InteractiveButton.swift; path = TouchGrass/Views/Components/InteractiveButton.swift; sourceTree = "<group>"; };
		F914D9DC3AA54CAC900E757B /* WaterTracker.swift */ = {isa = PBXFileReference; lastKnownFileType = sourcecode.swift; name = WaterTracker.swift; path = Managers/WaterTracker.swift; sourceTree = "<group>"; };
		FEF78D7D40114727A453DB81 /* OnboardingHeaderView.swift */ = {isa = PBXFileReference; lastKnownFileType = sourcecode.swift; name = OnboardingHeaderView.swift; path = Views/OnboardingHeaderView.swift; sourceTree = "<group>"; };
/* End PBXFileReference section */

/* Begin PBXFrameworksBuildPhase section */
		B712344D1234567812345678 /* Frameworks */ = {
			isa = PBXFrameworksBuildPhase;
			buildActionMask = 2147483647;
			files = (
			);
			runOnlyForDeploymentPostprocessing = 0;
		};
/* End PBXFrameworksBuildPhase section */

/* Begin PBXGroup section */
		34253C8D0EF7DBDE57F58279 /* Onboarding */ = {
			isa = PBXGroup;
			children = (
				8002EDF1BCE94335BE811585 /* TouchGrassOnboardingController.swift */,
			);
			name = Onboarding;
			sourceTree = "<group>";
		};
		34681C3AE33484B960CD3332 /* Components */ = {
			isa = PBXGroup;
			children = (
				608665F88B9243F88CD4156D /* ActivitySelectionView.swift */,
				961799C784264550B437C006 /* CalendarContextView.swift */,
				ADE492424B2249349A6FE13F /* CompletionView.swift */,
				3A8AD738AC814AF790A94260 /* ExerciseMenuView.swift */,
				F190DD70BB63445099922513 /* InteractiveButton.swift */,
				435F6A81B40E4BB2B3517A4D /* WaterTrackingBar.swift */,
			);
			name = Components;
			sourceTree = "<group>";
		};
		4746AFF1FFD7440AC89A288C /* Models */ = {
			isa = PBXGroup;
			children = (
				AFB3B0E52CCA4B5CB2423C58 /* Exercise.swift */,
				EC0BA99FC5F74770988AD0D2 /* Messages.swift */,
			);
			name = Models;
			sourceTree = "<group>";
		};
		5801F16888EAD17046CED222 /* TouchGrass */ = {
			isa = PBXGroup;
			children = (
				DE537B7F0A2C0FBC864BF369 /* Design */,
				34681C3AE33484B960CD3332 /* Components */,
				C7C29DD1ED114761A1E5FBE9 /* TouchGrassModeRefactored.swift */,
			);
			name = TouchGrass;
			sourceTree = "<group>";
		};
		5B00D992D328A98543218C69 /* Views */ = {
			isa = PBXGroup;
			children = (
				710F0FEBF32D491D8771CA1A /* CustomizationView.swift */,
				CF05E7D3B0CC48C5A1A91100 /* ExerciseSelectionView.swift */,
				BF2BD545B00140FDAF4B2FCE /* ExerciseView.swift */,
				79311D2091E54488B94FFADC /* GrassIcon.swift */,
				BC1BEDC2F808400987D69A8B /* UpdateProgressView.swift */,
				123BA605807E42D08D35BEE7 /* WorkHoursSettingsView.swift */,
				C7A37EE6B8C1432D81699E7A /* TouchGrassMode.swift */,
				6F7BF4189653BB275EDB094B /* Onboarding */,
			);
			name = Views;
			sourceTree = "<group>";
		};
		6F7BF4189653BB275EDB094B /* Onboarding */ = {
			isa = PBXGroup;
			children = (
				62A89115D30340428D810C63 /* OnboardingCustomizationView.swift */,
				FEF78D7D40114727A453DB81 /* OnboardingHeaderView.swift */,
				8A9A84660C7543CFBEB28545 /* OnboardingWindow.swift */,
				D75514C88ECE4BF1A60DBB70 /* SimpleOnboardingWindow.swift */,
				34360F1EF81742CDB0DD3EAE /* TouchGrassOnboarding.swift */,
			);
			name = Onboarding;
			sourceTree = "<group>";
		};
		9A0D029C68B1827390B75064 /* Controllers */ = {
			isa = PBXGroup;
			children = (
				34253C8D0EF7DBDE57F58279 /* Onboarding */,
				9CA7B53ACD134163B7C04E24 /* CustomizationWindowController.swift */,
				815B8462CE8F4E8E8676A8AA /* ExerciseWindowController.swift */,
				DCFD3A05466E47FBBE9C0C95 /* TouchGrassModeController.swift */,
			);
			name = Controllers;
			sourceTree = "<group>";
		};
		B71234471234567812345678 = {
			isa = PBXGroup;
			children = (
				B71234521234567812345678 /* . */,
				B71234511234567812345678 /* Products */,
				BA95619409D8A4BED07BB035 /* Managers */,
				4746AFF1FFD7440AC89A288C /* Models */,
				5B00D992D328A98543218C69 /* Views */,
				5801F16888EAD17046CED222 /* TouchGrass */,
				9A0D029C68B1827390B75064 /* Controllers */,
			);
			sourceTree = "<group>";
		};
		B71234511234567812345678 /* Products */ = {
			isa = PBXGroup;
			children = (
				B71234501234567812345678 /* Touch Grass.app */,
			);
			name = Products;
			sourceTree = "<group>";
		};
		B71234521234567812345678 /* . */ = {
			isa = PBXGroup;
			children = (
				B712345F1234567812345678 /* Info.plist */,
				C742A93C6D6241B186F0135E /* TouchGrassApp.swift */,
				ABCDEF1234567890ABCDEF12 /* AppIcon.icns */,
			);
			path = .;
			sourceTree = "<group>";
		};
		BA95619409D8A4BED07BB035 /* Managers */ = {
			isa = PBXGroup;
			children = (
				70B179B93FB54F9FB0C53269 /* ActivityTracker.swift */,
				B2EAF51DED38476390E916A9 /* CalendarManager.swift */,
				C617EE0264CF46AFA3EA084D /* OnboardingManager.swift */,
				024C45B060374A5BAEDAE1D3 /* ReminderManager.swift */,
				53F5FC669419485A98B0C9B6 /* UpdateManager.swift */,
				A88E3131787846B3ABDBF43F /* WorkHoursManager.swift */,
				C1B49700923E42A4A45984EF /* TimerService.swift */,
				D08BCD7E197648CE8D8693F1 /* PreferencesStore.swift */,
				F914D9DC3AA54CAC900E757B /* WaterTracker.swift */,
				D2F9EA36C93D449D837FC0C3 /* WindowHelper.swift */,
			);
			name = Managers;
			sourceTree = "<group>";
		};
		DE537B7F0A2C0FBC864BF369 /* Design */ = {
			isa = PBXGroup;
			children = (
				C35470E4EB9F4DD482B5C344 /* DesignSystem.swift */,
			);
			name = Design;
			sourceTree = "<group>";
		};
/* End PBXGroup section */

/* Begin PBXNativeTarget section */
		B712344F1234567812345678 /* TouchGrass */ = {
			isa = PBXNativeTarget;
			buildConfigurationList = B71234631234567812345678 /* Build configuration list for PBXNativeTarget "TouchGrass" */;
			buildPhases = (
				B712344C1234567812345678 /* Sources */,
				B712344D1234567812345678 /* Frameworks */,
				B712344E1234567812345678 /* Resources */,
			);
			buildRules = (
			);
			dependencies = (
			);
			name = TouchGrass;
			productName = TouchGrass;
			productReference = B71234501234567812345678 /* Touch Grass.app */;
			productType = "com.apple.product-type.application";
		};
/* End PBXNativeTarget section */

/* Begin PBXProject section */
		B71234481234567812345678 /* Project object */ = {
			isa = PBXProject;
			attributes = {
				BuildIndependentTargetsInParallel = 1;
				LastSwiftUpdateCheck = 1430;
				LastUpgradeCheck = 1640;
				TargetAttributes = {
					B712344F1234567812345678 = {
						CreatedOnToolsVersion = 14.3;
					};
				};
			};
			buildConfigurationList = B712344B1234567812345678 /* Build configuration list for PBXProject "TouchGrass" */;
			compatibilityVersion = "Xcode 14.0";
			developmentRegion = en;
			hasScannedForEncodings = 0;
			knownRegions = (
				en,
				Base,
			);
			mainGroup = B71234471234567812345678;
			productRefGroup = B71234511234567812345678 /* Products */;
			projectDirPath = "";
			projectRoot = "";
			targets = (
				B712344F1234567812345678 /* TouchGrass */,
			);
		};
/* End PBXProject section */

/* Begin PBXResourcesBuildPhase section */
		B712344E1234567812345678 /* Resources */ = {
			isa = PBXResourcesBuildPhase;
			buildActionMask = 2147483647;
			files = (
				ABCDEF1234567890ABCDEF13 /* AppIcon.icns in Resources */,
			);
			runOnlyForDeploymentPostprocessing = 0;
		};
/* End PBXResourcesBuildPhase section */

/* Begin PBXSourcesBuildPhase section */
		B712344C1234567812345678 /* Sources */ = {
			isa = PBXSourcesBuildPhase;
			buildActionMask = 2147483647;
			files = (
				11FB02CDEB764C8D81C3435F /* DesignSystem.swift in Sources */,
				0087A2362AFB4092A9E95CAD /* ActivitySelectionView.swift in Sources */,
				F8904461C0264384BDD06013 /* CalendarContextView.swift in Sources */,
				744C689D67104C6A9A484C40 /* CompletionView.swift in Sources */,
				5F3E90ABF93F4D83ACB779F1 /* ExerciseMenuView.swift in Sources */,
				4760E2AFB6D64BCF879DFC19 /* InteractiveButton.swift in Sources */,
				D5C3F3FD50984AB296610C02 /* WaterTrackingBar.swift in Sources */,
				41A2192D1D0D42748C8F753A /* TouchGrassModeRefactored.swift in Sources */,
				9C480DBAE43448B5BFB43FFD /* ActivityTracker.swift in Sources */,
				CC56EFB4CEEE48C584FDFAFE /* CalendarManager.swift in Sources */,
				796A4CB6894D43BB94D9855D /* CustomizationView.swift in Sources */,
				8F499EC6B4504C8EB94B9A3F /* CustomizationWindowController.swift in Sources */,
				54842E0254CB4DA88C7F462F /* Exercise.swift in Sources */,
				2D4E54316B97414AB2FBF380 /* ExerciseSelectionView.swift in Sources */,
				B8EED555A2DB4FEAB87BB097 /* ExerciseView.swift in Sources */,
				5AE4088CAC6E40A7AC3AA5BE /* ExerciseWindowController.swift in Sources */,
				FB153C3101AF42149B138B11 /* GrassIcon.swift in Sources */,
				F5E7A6A3785E4868A5EE0642 /* Messages.swift in Sources */,
				B4941CBB31C54967854067F0 /* OnboardingCustomizationView.swift in Sources */,
				86D04943CD3D49248FFD5455 /* OnboardingHeaderView.swift in Sources */,
				4CD53CDB484747DBB4CEEF7E /* OnboardingManager.swift in Sources */,
				3BF844C33B444B79A3949A0B /* OnboardingWindow.swift in Sources */,
				1C0C9630E9EB4ACD87389865 /* ReminderManager.swift in Sources */,
				0803800793D440489E35501A /* SimpleOnboardingWindow.swift in Sources */,
				4BA1A292C86F4F6390467DF1 /* TouchGrassApp.swift in Sources */,
				7C0590FAADF9492EA6C0155D /* TouchGrassOnboarding.swift in Sources */,
				D4747A4349DA4A7E86C444A5 /* TouchGrassOnboardingController.swift in Sources */,
				863A5337B76A42858F620258 /* UpdateManager.swift in Sources */,
				C4A5E53AF7CD47F9AF897CDE /* UpdateProgressView.swift in Sources */,
				C8639872E55F40CFB23151A5 /* WaterTracker.swift in Sources */,
				00F926DE94574A7FA1226241 /* WindowHelper.swift in Sources */,
				845281A875484FA7871191A1 /* WorkHoursManager.swift in Sources */,
				300DC90AEDB14F26A1F4FC87 /* WorkHoursSettingsView.swift in Sources */,
				A469E57921BB4799A8B8FFB1 /* TouchGrassMode.swift in Sources */,
				1E73424E605A42A5953234CC /* TouchGrassModeController.swift in Sources */,
				FD50686FBCC94C46A5BCC653 /* TimerService.swift in Sources */,
				CAC1C9608FA74B14AF9B0DD4 /* PreferencesStore.swift in Sources */,
			);
			runOnlyForDeploymentPostprocessing = 0;
		};
/* End PBXSourcesBuildPhase section */

/* Begin XCBuildConfiguration section */
		B71234611234567812345678 /* Debug */ = {
			isa = XCBuildConfiguration;
			buildSettings = {
				ALWAYS_SEARCH_USER_PATHS = NO;
				CLANG_ANALYZER_NONNULL = YES;
				CLANG_ANALYZER_NUMBER_OBJECT_CONVERSION = YES_AGGRESSIVE;
				CLANG_CXX_LANGUAGE_STANDARD = "gnu++20";
				CLANG_ENABLE_MODULES = YES;
				CLANG_ENABLE_OBJC_ARC = YES;
				CLANG_ENABLE_OBJC_WEAK = YES;
				CLANG_WARN_BLOCK_CAPTURE_AUTORELEASING = YES;
				CLANG_WARN_BOOL_CONVERSION = YES;
				CLANG_WARN_COMMA = YES;
				CLANG_WARN_CONSTANT_CONVERSION = YES;
				CLANG_WARN_DEPRECATED_OBJC_IMPLEMENTATIONS = YES;
				CLANG_WARN_DIRECT_OBJC_ISA_USAGE = YES_ERROR;
				CLANG_WARN_DOCUMENTATION_COMMENTS = YES;
				CLANG_WARN_EMPTY_BODY = YES;
				CLANG_WARN_ENUM_CONVERSION = YES;
				CLANG_WARN_INFINITE_RECURSION = YES;
				CLANG_WARN_INT_CONVERSION = YES;
				CLANG_WARN_NON_LITERAL_NULL_CONVERSION = YES;
				CLANG_WARN_OBJC_IMPLICIT_RETAIN_SELF = YES;
				CLANG_WARN_OBJC_LITERAL_CONVERSION = YES;
				CLANG_WARN_OBJC_ROOT_CLASS = YES_ERROR;
				CLANG_WARN_QUOTED_INCLUDE_IN_FRAMEWORK_HEADER = YES;
				CLANG_WARN_RANGE_LOOP_ANALYSIS = YES;
				CLANG_WARN_STRICT_PROTOTYPES = YES;
				CLANG_WARN_SUSPICIOUS_MOVE = YES;
				CLANG_WARN_UNGUARDED_AVAILABILITY = YES_AGGRESSIVE;
				CLANG_WARN_UNREACHABLE_CODE = YES;
				CLANG_WARN__DUPLICATE_METHOD_MATCH = YES;
				COPY_PHASE_STRIP = NO;
				DEAD_CODE_STRIPPING = YES;
				DEBUG_INFORMATION_FORMAT = dwarf;
				ENABLE_STRICT_OBJC_MSGSEND = YES;
				ENABLE_TESTABILITY = YES;
				ENABLE_USER_SCRIPT_SANDBOXING = YES;
				GCC_C_LANGUAGE_STANDARD = gnu11;
				GCC_DYNAMIC_NO_PIC = NO;
				GCC_NO_COMMON_BLOCKS = YES;
				GCC_OPTIMIZATION_LEVEL = 0;
				GCC_PREPROCESSOR_DEFINITIONS = (
					"DEBUG=1",
					"$(inherited)",
				);
				GCC_WARN_64_TO_32_BIT_CONVERSION = YES;
				GCC_WARN_ABOUT_RETURN_TYPE = YES_ERROR;
				GCC_WARN_UNDECLARED_SELECTOR = YES;
				GCC_WARN_UNINITIALIZED_AUTOS = YES_AGGRESSIVE;
				GCC_WARN_UNUSED_FUNCTION = YES;
				GCC_WARN_UNUSED_VARIABLE = YES;
				MACOSX_DEPLOYMENT_TARGET = 13.0;
				MTL_ENABLE_DEBUG_INFO = INCLUDE_SOURCE;
				MTL_FAST_MATH = YES;
				ONLY_ACTIVE_ARCH = YES;
				SDKROOT = macosx;
				SWIFT_ACTIVE_COMPILATION_CONDITIONS = DEBUG;
				SWIFT_OPTIMIZATION_LEVEL = "-Onone";
			};
			name = Debug;
		};
		B71234621234567812345678 /* Release */ = {
			isa = XCBuildConfiguration;
			buildSettings = {
				ALWAYS_SEARCH_USER_PATHS = NO;
				CLANG_ANALYZER_NONNULL = YES;
				CLANG_ANALYZER_NUMBER_OBJECT_CONVERSION = YES_AGGRESSIVE;
				CLANG_CXX_LANGUAGE_STANDARD = "gnu++20";
				CLANG_ENABLE_MODULES = YES;
				CLANG_ENABLE_OBJC_ARC = YES;
				CLANG_ENABLE_OBJC_WEAK = YES;
				CLANG_WARN_BLOCK_CAPTURE_AUTORELEASING = YES;
				CLANG_WARN_BOOL_CONVERSION = YES;
				CLANG_WARN_COMMA = YES;
				CLANG_WARN_CONSTANT_CONVERSION = YES;
				CLANG_WARN_DEPRECATED_OBJC_IMPLEMENTATIONS = YES;
				CLANG_WARN_DIRECT_OBJC_ISA_USAGE = YES_ERROR;
				CLANG_WARN_DOCUMENTATION_COMMENTS = YES;
				CLANG_WARN_EMPTY_BODY = YES;
				CLANG_WARN_ENUM_CONVERSION = YES;
				CLANG_WARN_INFINITE_RECURSION = YES;
				CLANG_WARN_INT_CONVERSION = YES;
				CLANG_WARN_NON_LITERAL_NULL_CONVERSION = YES;
				CLANG_WARN_OBJC_IMPLICIT_RETAIN_SELF = YES;
				CLANG_WARN_OBJC_LITERAL_CONVERSION = YES;
				CLANG_WARN_OBJC_ROOT_CLASS = YES_ERROR;
				CLANG_WARN_QUOTED_INCLUDE_IN_FRAMEWORK_HEADER = YES;
				CLANG_WARN_RANGE_LOOP_ANALYSIS = YES;
				CLANG_WARN_STRICT_PROTOTYPES = YES;
				CLANG_WARN_SUSPICIOUS_MOVE = YES;
				CLANG_WARN_UNGUARDED_AVAILABILITY = YES_AGGRESSIVE;
				CLANG_WARN_UNREACHABLE_CODE = YES;
				CLANG_WARN__DUPLICATE_METHOD_MATCH = YES;
				COPY_PHASE_STRIP = NO;
				DEAD_CODE_STRIPPING = YES;
				DEBUG_INFORMATION_FORMAT = "dwarf-with-dsym";
				ENABLE_NS_ASSERTIONS = NO;
				ENABLE_STRICT_OBJC_MSGSEND = YES;
				ENABLE_USER_SCRIPT_SANDBOXING = YES;
				GCC_C_LANGUAGE_STANDARD = gnu11;
				GCC_NO_COMMON_BLOCKS = YES;
				GCC_WARN_64_TO_32_BIT_CONVERSION = YES;
				GCC_WARN_ABOUT_RETURN_TYPE = YES_ERROR;
				GCC_WARN_UNDECLARED_SELECTOR = YES;
				GCC_WARN_UNINITIALIZED_AUTOS = YES_AGGRESSIVE;
				GCC_WARN_UNUSED_FUNCTION = YES;
				GCC_WARN_UNUSED_VARIABLE = YES;
				MACOSX_DEPLOYMENT_TARGET = 13.0;
				MTL_ENABLE_DEBUG_INFO = NO;
				MTL_FAST_MATH = YES;
				SDKROOT = macosx;
				SWIFT_COMPILATION_MODE = wholemodule;
				SWIFT_OPTIMIZATION_LEVEL = "-O";
			};
			name = Release;
		};
		B71234641234567812345678 /* Debug */ = {
			isa = XCBuildConfiguration;
			buildSettings = {
				ASSETCATALOG_COMPILER_INCLUDE_ALL_APPICON_ASSETS = YES;
				"CODE_SIGN_IDENTITY[sdk=macosx*]" = "-";
				CODE_SIGN_STYLE = Automatic;
				COMBINE_HIDPI_IMAGES = YES;
				CURRENT_PROJECT_VERSION = 1;
				DEAD_CODE_STRIPPING = YES;
				DEVELOPMENT_TEAM = PG5D259899;
				ENABLE_PREVIEWS = YES;
				GENERATE_INFOPLIST_FILE = NO;
				INFOPLIST_FILE = Info.plist;
				INFOPLIST_KEY_LSApplicationCategoryType = "public.app-category.healthcare-fitness";
				INFOPLIST_KEY_LSUIElement = YES;
				INFOPLIST_KEY_NSHumanReadableCopyright = "";
				LD_RUNPATH_SEARCH_PATHS = (
					"$(inherited)",
					"@executable_path/../Frameworks",
				);
				MACOSX_DEPLOYMENT_TARGET = 15.0;
				MARKETING_VERSION = 1.0;
				PRODUCT_BUNDLE_IDENTIFIER = com.dmfenton.TouchGrass;
				PRODUCT_NAME = "Touch Grass";
				SWIFT_EMIT_LOC_STRINGS = YES;
				SWIFT_VERSION = 5.0;
			};
			name = Debug;
		};
		B71234651234567812345678 /* Release */ = {
			isa = XCBuildConfiguration;
			buildSettings = {
				ASSETCATALOG_COMPILER_INCLUDE_ALL_APPICON_ASSETS = YES;
				"CODE_SIGN_IDENTITY[sdk=macosx*]" = "-";
				CODE_SIGN_STYLE = Automatic;
				COMBINE_HIDPI_IMAGES = YES;
				CURRENT_PROJECT_VERSION = 1;
				DEAD_CODE_STRIPPING = YES;
				DEVELOPMENT_TEAM = PG5D259899;
				ENABLE_PREVIEWS = YES;
				GENERATE_INFOPLIST_FILE = NO;
				INFOPLIST_FILE = Info.plist;
				INFOPLIST_KEY_LSApplicationCategoryType = "public.app-category.healthcare-fitness";
				INFOPLIST_KEY_LSUIElement = YES;
				INFOPLIST_KEY_NSHumanReadableCopyright = "";
				LD_RUNPATH_SEARCH_PATHS = (
					"$(inherited)",
					"@executable_path/../Frameworks",
				);
				MACOSX_DEPLOYMENT_TARGET = 15.0;
				MARKETING_VERSION = 1.0;
				PRODUCT_BUNDLE_IDENTIFIER = com.dmfenton.TouchGrass;
				PRODUCT_NAME = "Touch Grass";
				SWIFT_EMIT_LOC_STRINGS = YES;
				SWIFT_VERSION = 5.0;
			};
			name = Release;
		};
/* End XCBuildConfiguration section */

/* Begin XCConfigurationList section */
		B712344B1234567812345678 /* Build configuration list for PBXProject "TouchGrass" */ = {
			isa = XCConfigurationList;
			buildConfigurations = (
				B71234611234567812345678 /* Debug */,
				B71234621234567812345678 /* Release */,
			);
			defaultConfigurationIsVisible = 0;
			defaultConfigurationName = Release;
		};
		B71234631234567812345678 /* Build configuration list for PBXNativeTarget "TouchGrass" */ = {
			isa = XCConfigurationList;
			buildConfigurations = (
				B71234641234567812345678 /* Debug */,
				B71234651234567812345678 /* Release */,
			);
			defaultConfigurationIsVisible = 0;
			defaultConfigurationName = Release;
		};
/* End XCConfigurationList section */
	};
	rootObject = B71234481234567812345678 /* Project object */;
}
